
Microsoft Visual Studio Solution File, Format Version 12.00
# Visual Studio Version 17
VisualStudioVersion = 17.11.35312.102
MinimumVisualStudioVersion = 10.0.40219.1
Project("{2150E333-8FDC-42A3-9474-1A3956D46DE8}") = "Task0", "Task0", "{2CB26795-EF03-4671-A9CC-F99089AD35D9}"
EndProject
Project("{9A19103F-16F7-4668-BE54-9A1E7A4F7556}") = "Tyuiu.KorobeinikovaDD.Sprint6.Task0.V21.Lib", "Tyuiu.KorobeinikovaDD.Sprint6.Task0.V21.Lib\Tyuiu.KorobeinikovaDD.Sprint6.Task0.V21.Lib.csproj", "{AD4E424A-30E3-4FEF-98EE-1FCBBE719CC4}"
EndProject
Project("{9A19103F-16F7-4668-BE54-9A1E7A4F7556}") = "Tyuiu.KorobeinikovaDD.Sprint6.Task0.V21.Test", "Tyuiu.KorobeinikovaDD.Sprint6.Task0.V21.Test\Tyuiu.KorobeinikovaDD.Sprint6.Task0.V21.Test.csproj", "{3DF99B6B-B35F-4F53-AC0B-547F5D129295}"
EndProject
Project("{9A19103F-16F7-4668-BE54-9A1E7A4F7556}") = "Tyuiu.KorobeinikovaDD.Sprint6.Task0.V21", "Tyuiu.KorobeinikovaDD.Sprint6.Task0.V21\Tyuiu.KorobeinikovaDD.Sprint6.Task0.V21.csproj", "{F0C1C21F-319C-4B98-85B2-43C69E874459}"
EndProject
Project("{2150E333-8FDC-42A3-9474-1A3956D46DE8}") = "Task1", "Task1", "{9FA7F34E-825D-4D87-96AF-300EDF85FE4B}"
EndProject
Project("{9A19103F-16F7-4668-BE54-9A1E7A4F7556}") = "Tyuiu.KorobeinikovaDD.Sprint6.Task1.V29", "Tyuiu.KorobeinikovaDD.Sprint6.Task1.V29\Tyuiu.KorobeinikovaDD.Sprint6.Task1.V29.csproj", "{5FB07052-4B12-4140-A088-DD9530854741}"
EndProject
Project("{9A19103F-16F7-4668-BE54-9A1E7A4F7556}") = "Tyuiu.KorobeinikovaDD.Sprint6.Task1.V29.Lib", "Tyuiu.KorobeinikovaDD.Sprint6.Task1.V29.Lib\Tyuiu.KorobeinikovaDD.Sprint6.Task1.V29.Lib.csproj", "{83F2780E-867D-4920-ADBF-6CB43E8C4BB5}"
EndProject
Project("{9A19103F-16F7-4668-BE54-9A1E7A4F7556}") = "Tyuiu.KorobeinikovaDD.Sprint6.Task1.V29.Test", "Tyuiu.KorobeinikovaDD.Sprint6.Task1.V29.Test\Tyuiu.KorobeinikovaDD.Sprint6.Task1.V29.Test.csproj", "{019C2BCC-8CA6-4D40-933C-E6CA30D05E42}"
EndProject
Project("{2150E333-8FDC-42A3-9474-1A3956D46DE8}") = "Task2", "Task2", "{E3425207-272E-4D14-8B7E-D17092F0E349}"
EndProject
Project("{9A19103F-16F7-4668-BE54-9A1E7A4F7556}") = "Tyuiu.KorobeinikovaDD.Sprint6.Task2.V2", "Tyuiu.KorobeinikovaDD.Sprint6.Task2.V2\Tyuiu.KorobeinikovaDD.Sprint6.Task2.V2.csproj", "{8DC2BBF0-DFFB-43EB-9F17-A942B0BC412D}"
EndProject
Project("{9A19103F-16F7-4668-BE54-9A1E7A4F7556}") = "Tyuiu.KorobeinikovaDD.Sprint6.Task2.V2.Lib", "Tyuiu.KorobeinikovaDD.Sprint6.Task2.V2.Lib\Tyuiu.KorobeinikovaDD.Sprint6.Task2.V2.Lib.csproj", "{2E7E095E-7E1B-4F5A-AA0B-EBF8624A4415}"
EndProject
Project("{9A19103F-16F7-4668-BE54-9A1E7A4F7556}") = "Tyuiu.KorobeinikovaDD.Sprint6.Task2.V2.Test", "Tyuiu.KorobeinikovaDD.Sprint6.Task2.V2.Test\Tyuiu.KorobeinikovaDD.Sprint6.Task2.V2.Test.csproj", "{F3C5206C-157C-4334-A391-676E8FBC5600}"
EndProject
Project("{2150E333-8FDC-42A3-9474-1A3956D46DE8}") = "Task3", "Task3", "{3F5DB73A-9B8F-487B-9EC1-9E23216D7571}"
EndProject
Project("{FAE04EC0-301F-11D3-BF4B-00C04F79EFBC}") = "Tyuiu.KorobeinikovaDD.Sprint6.Task3.V26", "Tyuiu.KorobeinikovaDD.Sprint6.Task3.V26\Tyuiu.KorobeinikovaDD.Sprint6.Task3.V26.csproj", "{CB7DFC40-C87B-4188-8A61-4476DE019DAD}"
EndProject
Project("{FAE04EC0-301F-11D3-BF4B-00C04F79EFBC}") = "Tyuiu.KorobeinikovaDD.Sprint6.Task3.V26.Lib", "Tyuiu.KorobeinikovaDD.Sprint6.Task3.V26.Lib\Tyuiu.KorobeinikovaDD.Sprint6.Task3.V26.Lib.csproj", "{9AF265E6-5EC8-4D33-9079-AF6A0338460A}"
EndProject
Project("{FAE04EC0-301F-11D3-BF4B-00C04F79EFBC}") = "Tyuiu.KorobeinikovaDD.Sprint6.Task3.V26.Test", "Tyuiu.KorobeinikovaDD.Sprint6.Task3.V26.Test\Tyuiu.KorobeinikovaDD.Sprint6.Task3.V26.Test.csproj", "{7AE4F2E7-7A9D-4101-9B9F-ADFD87A35128}"
EndProject
Global
	GlobalSection(SolutionConfigurationPlatforms) = preSolution
		Debug|Any CPU = Debug|Any CPU
		Debug|ARM = Debug|ARM
		Debug|ARM64 = Debug|ARM64
		Debug|x64 = Debug|x64
		Debug|x86 = Debug|x86
		Release|Any CPU = Release|Any CPU
		Release|ARM = Release|ARM
		Release|ARM64 = Release|ARM64
		Release|x64 = Release|x64
		Release|x86 = Release|x86
	EndGlobalSection
	GlobalSection(ProjectConfigurationPlatforms) = postSolution
		{AD4E424A-30E3-4FEF-98EE-1FCBBE719CC4}.Debug|Any CPU.ActiveCfg = Debug|Any CPU
		{AD4E424A-30E3-4FEF-98EE-1FCBBE719CC4}.Debug|Any CPU.Build.0 = Debug|Any CPU
		{AD4E424A-30E3-4FEF-98EE-1FCBBE719CC4}.Debug|ARM.ActiveCfg = Debug|Any CPU
		{AD4E424A-30E3-4FEF-98EE-1FCBBE719CC4}.Debug|ARM.Build.0 = Debug|Any CPU
		{AD4E424A-30E3-4FEF-98EE-1FCBBE719CC4}.Debug|ARM64.ActiveCfg = Debug|Any CPU
		{AD4E424A-30E3-4FEF-98EE-1FCBBE719CC4}.Debug|ARM64.Build.0 = Debug|Any CPU
		{AD4E424A-30E3-4FEF-98EE-1FCBBE719CC4}.Debug|x64.ActiveCfg = Debug|Any CPU
		{AD4E424A-30E3-4FEF-98EE-1FCBBE719CC4}.Debug|x64.Build.0 = Debug|Any CPU
		{AD4E424A-30E3-4FEF-98EE-1FCBBE719CC4}.Debug|x86.ActiveCfg = Debug|Any CPU
		{AD4E424A-30E3-4FEF-98EE-1FCBBE719CC4}.Debug|x86.Build.0 = Debug|Any CPU
		{AD4E424A-30E3-4FEF-98EE-1FCBBE719CC4}.Release|Any CPU.ActiveCfg = Release|Any CPU
		{AD4E424A-30E3-4FEF-98EE-1FCBBE719CC4}.Release|Any CPU.Build.0 = Release|Any CPU
		{AD4E424A-30E3-4FEF-98EE-1FCBBE719CC4}.Release|ARM.ActiveCfg = Release|Any CPU
		{AD4E424A-30E3-4FEF-98EE-1FCBBE719CC4}.Release|ARM.Build.0 = Release|Any CPU
		{AD4E424A-30E3-4FEF-98EE-1FCBBE719CC4}.Release|ARM64.ActiveCfg = Release|Any CPU
		{AD4E424A-30E3-4FEF-98EE-1FCBBE719CC4}.Release|ARM64.Build.0 = Release|Any CPU
		{AD4E424A-30E3-4FEF-98EE-1FCBBE719CC4}.Release|x64.ActiveCfg = Release|Any CPU
		{AD4E424A-30E3-4FEF-98EE-1FCBBE719CC4}.Release|x64.Build.0 = Release|Any CPU
		{AD4E424A-30E3-4FEF-98EE-1FCBBE719CC4}.Release|x86.ActiveCfg = Release|Any CPU
		{AD4E424A-30E3-4FEF-98EE-1FCBBE719CC4}.Release|x86.Build.0 = Release|Any CPU
		{3DF99B6B-B35F-4F53-AC0B-547F5D129295}.Debug|Any CPU.ActiveCfg = Debug|Any CPU
		{3DF99B6B-B35F-4F53-AC0B-547F5D129295}.Debug|Any CPU.Build.0 = Debug|Any CPU
		{3DF99B6B-B35F-4F53-AC0B-547F5D129295}.Debug|ARM.ActiveCfg = Debug|Any CPU
		{3DF99B6B-B35F-4F53-AC0B-547F5D129295}.Debug|ARM.Build.0 = Debug|Any CPU
		{3DF99B6B-B35F-4F53-AC0B-547F5D129295}.Debug|ARM64.ActiveCfg = Debug|Any CPU
		{3DF99B6B-B35F-4F53-AC0B-547F5D129295}.Debug|ARM64.Build.0 = Debug|Any CPU
		{3DF99B6B-B35F-4F53-AC0B-547F5D129295}.Debug|x64.ActiveCfg = Debug|Any CPU
		{3DF99B6B-B35F-4F53-AC0B-547F5D129295}.Debug|x64.Build.0 = Debug|Any CPU
		{3DF99B6B-B35F-4F53-AC0B-547F5D129295}.Debug|x86.ActiveCfg = Debug|Any CPU
		{3DF99B6B-B35F-4F53-AC0B-547F5D129295}.Debug|x86.Build.0 = Debug|Any CPU
		{3DF99B6B-B35F-4F53-AC0B-547F5D129295}.Release|Any CPU.ActiveCfg = Release|Any CPU
		{3DF99B6B-B35F-4F53-AC0B-547F5D129295}.Release|Any CPU.Build.0 = Release|Any CPU
		{3DF99B6B-B35F-4F53-AC0B-547F5D129295}.Release|ARM.ActiveCfg = Release|Any CPU
		{3DF99B6B-B35F-4F53-AC0B-547F5D129295}.Release|ARM.Build.0 = Release|Any CPU
		{3DF99B6B-B35F-4F53-AC0B-547F5D129295}.Release|ARM64.ActiveCfg = Release|Any CPU
		{3DF99B6B-B35F-4F53-AC0B-547F5D129295}.Release|ARM64.Build.0 = Release|Any CPU
		{3DF99B6B-B35F-4F53-AC0B-547F5D129295}.Release|x64.ActiveCfg = Release|Any CPU
		{3DF99B6B-B35F-4F53-AC0B-547F5D129295}.Release|x64.Build.0 = Release|Any CPU
		{3DF99B6B-B35F-4F53-AC0B-547F5D129295}.Release|x86.ActiveCfg = Release|Any CPU
		{3DF99B6B-B35F-4F53-AC0B-547F5D129295}.Release|x86.Build.0 = Release|Any CPU
		{F0C1C21F-319C-4B98-85B2-43C69E874459}.Debug|Any CPU.ActiveCfg = Debug|Any CPU
		{F0C1C21F-319C-4B98-85B2-43C69E874459}.Debug|Any CPU.Build.0 = Debug|Any CPU
		{F0C1C21F-319C-4B98-85B2-43C69E874459}.Debug|ARM.ActiveCfg = Debug|Any CPU
		{F0C1C21F-319C-4B98-85B2-43C69E874459}.Debug|ARM.Build.0 = Debug|Any CPU
		{F0C1C21F-319C-4B98-85B2-43C69E874459}.Debug|ARM64.ActiveCfg = Debug|Any CPU
		{F0C1C21F-319C-4B98-85B2-43C69E874459}.Debug|ARM64.Build.0 = Debug|Any CPU
		{F0C1C21F-319C-4B98-85B2-43C69E874459}.Debug|x64.ActiveCfg = Debug|Any CPU
		{F0C1C21F-319C-4B98-85B2-43C69E874459}.Debug|x64.Build.0 = Debug|Any CPU
		{F0C1C21F-319C-4B98-85B2-43C69E874459}.Debug|x86.ActiveCfg = Debug|Any CPU
		{F0C1C21F-319C-4B98-85B2-43C69E874459}.Debug|x86.Build.0 = Debug|Any CPU
		{F0C1C21F-319C-4B98-85B2-43C69E874459}.Release|Any CPU.ActiveCfg = Release|Any CPU
		{F0C1C21F-319C-4B98-85B2-43C69E874459}.Release|Any CPU.Build.0 = Release|Any CPU
		{F0C1C21F-319C-4B98-85B2-43C69E874459}.Release|ARM.ActiveCfg = Release|Any CPU
		{F0C1C21F-319C-4B98-85B2-43C69E874459}.Release|ARM.Build.0 = Release|Any CPU
		{F0C1C21F-319C-4B98-85B2-43C69E874459}.Release|ARM64.ActiveCfg = Release|Any CPU
		{F0C1C21F-319C-4B98-85B2-43C69E874459}.Release|ARM64.Build.0 = Release|Any CPU
		{F0C1C21F-319C-4B98-85B2-43C69E874459}.Release|x64.ActiveCfg = Release|Any CPU
		{F0C1C21F-319C-4B98-85B2-43C69E874459}.Release|x64.Build.0 = Release|Any CPU
		{F0C1C21F-319C-4B98-85B2-43C69E874459}.Release|x86.ActiveCfg = Release|Any CPU
		{F0C1C21F-319C-4B98-85B2-43C69E874459}.Release|x86.Build.0 = Release|Any CPU
		{5FB07052-4B12-4140-A088-DD9530854741}.Debug|Any CPU.ActiveCfg = Debug|Any CPU
		{5FB07052-4B12-4140-A088-DD9530854741}.Debug|Any CPU.Build.0 = Debug|Any CPU
		{5FB07052-4B12-4140-A088-DD9530854741}.Debug|ARM.ActiveCfg = Debug|Any CPU
		{5FB07052-4B12-4140-A088-DD9530854741}.Debug|ARM.Build.0 = Debug|Any CPU
		{5FB07052-4B12-4140-A088-DD9530854741}.Debug|ARM64.ActiveCfg = Debug|Any CPU
		{5FB07052-4B12-4140-A088-DD9530854741}.Debug|ARM64.Build.0 = Debug|Any CPU
		{5FB07052-4B12-4140-A088-DD9530854741}.Debug|x64.ActiveCfg = Debug|Any CPU
		{5FB07052-4B12-4140-A088-DD9530854741}.Debug|x64.Build.0 = Debug|Any CPU
		{5FB07052-4B12-4140-A088-DD9530854741}.Debug|x86.ActiveCfg = Debug|Any CPU
		{5FB07052-4B12-4140-A088-DD9530854741}.Debug|x86.Build.0 = Debug|Any CPU
		{5FB07052-4B12-4140-A088-DD9530854741}.Release|Any CPU.ActiveCfg = Release|Any CPU
		{5FB07052-4B12-4140-A088-DD9530854741}.Release|Any CPU.Build.0 = Release|Any CPU
		{5FB07052-4B12-4140-A088-DD9530854741}.Release|ARM.ActiveCfg = Release|Any CPU
		{5FB07052-4B12-4140-A088-DD9530854741}.Release|ARM.Build.0 = Release|Any CPU
		{5FB07052-4B12-4140-A088-DD9530854741}.Release|ARM64.ActiveCfg = Release|Any CPU
		{5FB07052-4B12-4140-A088-DD9530854741}.Release|ARM64.Build.0 = Release|Any CPU
		{5FB07052-4B12-4140-A088-DD9530854741}.Release|x64.ActiveCfg = Release|Any CPU
		{5FB07052-4B12-4140-A088-DD9530854741}.Release|x64.Build.0 = Release|Any CPU
		{5FB07052-4B12-4140-A088-DD9530854741}.Release|x86.ActiveCfg = Release|Any CPU
		{5FB07052-4B12-4140-A088-DD9530854741}.Release|x86.Build.0 = Release|Any CPU
		{83F2780E-867D-4920-ADBF-6CB43E8C4BB5}.Debug|Any CPU.ActiveCfg = Debug|Any CPU
		{83F2780E-867D-4920-ADBF-6CB43E8C4BB5}.Debug|Any CPU.Build.0 = Debug|Any CPU
		{83F2780E-867D-4920-ADBF-6CB43E8C4BB5}.Debug|ARM.ActiveCfg = Debug|Any CPU
		{83F2780E-867D-4920-ADBF-6CB43E8C4BB5}.Debug|ARM.Build.0 = Debug|Any CPU
		{83F2780E-867D-4920-ADBF-6CB43E8C4BB5}.Debug|ARM64.ActiveCfg = Debug|Any CPU
		{83F2780E-867D-4920-ADBF-6CB43E8C4BB5}.Debug|ARM64.Build.0 = Debug|Any CPU
		{83F2780E-867D-4920-ADBF-6CB43E8C4BB5}.Debug|x64.ActiveCfg = Debug|Any CPU
		{83F2780E-867D-4920-ADBF-6CB43E8C4BB5}.Debug|x64.Build.0 = Debug|Any CPU
		{83F2780E-867D-4920-ADBF-6CB43E8C4BB5}.Debug|x86.ActiveCfg = Debug|Any CPU
		{83F2780E-867D-4920-ADBF-6CB43E8C4BB5}.Debug|x86.Build.0 = Debug|Any CPU
		{83F2780E-867D-4920-ADBF-6CB43E8C4BB5}.Release|Any CPU.ActiveCfg = Release|Any CPU
		{83F2780E-867D-4920-ADBF-6CB43E8C4BB5}.Release|Any CPU.Build.0 = Release|Any CPU
		{83F2780E-867D-4920-ADBF-6CB43E8C4BB5}.Release|ARM.ActiveCfg = Release|Any CPU
		{83F2780E-867D-4920-ADBF-6CB43E8C4BB5}.Release|ARM.Build.0 = Release|Any CPU
		{83F2780E-867D-4920-ADBF-6CB43E8C4BB5}.Release|ARM64.ActiveCfg = Release|Any CPU
		{83F2780E-867D-4920-ADBF-6CB43E8C4BB5}.Release|ARM64.Build.0 = Release|Any CPU
		{83F2780E-867D-4920-ADBF-6CB43E8C4BB5}.Release|x64.ActiveCfg = Release|Any CPU
		{83F2780E-867D-4920-ADBF-6CB43E8C4BB5}.Release|x64.Build.0 = Release|Any CPU
		{83F2780E-867D-4920-ADBF-6CB43E8C4BB5}.Release|x86.ActiveCfg = Release|Any CPU
		{83F2780E-867D-4920-ADBF-6CB43E8C4BB5}.Release|x86.Build.0 = Release|Any CPU
		{019C2BCC-8CA6-4D40-933C-E6CA30D05E42}.Debug|Any CPU.ActiveCfg = Debug|Any CPU
		{019C2BCC-8CA6-4D40-933C-E6CA30D05E42}.Debug|Any CPU.Build.0 = Debug|Any CPU
		{019C2BCC-8CA6-4D40-933C-E6CA30D05E42}.Debug|ARM.ActiveCfg = Debug|Any CPU
		{019C2BCC-8CA6-4D40-933C-E6CA30D05E42}.Debug|ARM.Build.0 = Debug|Any CPU
		{019C2BCC-8CA6-4D40-933C-E6CA30D05E42}.Debug|ARM64.ActiveCfg = Debug|Any CPU
		{019C2BCC-8CA6-4D40-933C-E6CA30D05E42}.Debug|ARM64.Build.0 = Debug|Any CPU
		{019C2BCC-8CA6-4D40-933C-E6CA30D05E42}.Debug|x64.ActiveCfg = Debug|Any CPU
		{019C2BCC-8CA6-4D40-933C-E6CA30D05E42}.Debug|x64.Build.0 = Debug|Any CPU
		{019C2BCC-8CA6-4D40-933C-E6CA30D05E42}.Debug|x86.ActiveCfg = Debug|Any CPU
		{019C2BCC-8CA6-4D40-933C-E6CA30D05E42}.Debug|x86.Build.0 = Debug|Any CPU
		{019C2BCC-8CA6-4D40-933C-E6CA30D05E42}.Release|Any CPU.ActiveCfg = Release|Any CPU
		{019C2BCC-8CA6-4D40-933C-E6CA30D05E42}.Release|Any CPU.Build.0 = Release|Any CPU
		{019C2BCC-8CA6-4D40-933C-E6CA30D05E42}.Release|ARM.ActiveCfg = Release|Any CPU
		{019C2BCC-8CA6-4D40-933C-E6CA30D05E42}.Release|ARM.Build.0 = Release|Any CPU
		{019C2BCC-8CA6-4D40-933C-E6CA30D05E42}.Release|ARM64.ActiveCfg = Release|Any CPU
		{019C2BCC-8CA6-4D40-933C-E6CA30D05E42}.Release|ARM64.Build.0 = Release|Any CPU
		{019C2BCC-8CA6-4D40-933C-E6CA30D05E42}.Release|x64.ActiveCfg = Release|Any CPU
		{019C2BCC-8CA6-4D40-933C-E6CA30D05E42}.Release|x64.Build.0 = Release|Any CPU
		{019C2BCC-8CA6-4D40-933C-E6CA30D05E42}.Release|x86.ActiveCfg = Release|Any CPU
		{019C2BCC-8CA6-4D40-933C-E6CA30D05E42}.Release|x86.Build.0 = Release|Any CPU
		{8DC2BBF0-DFFB-43EB-9F17-A942B0BC412D}.Debug|Any CPU.ActiveCfg = Debug|Any CPU
		{8DC2BBF0-DFFB-43EB-9F17-A942B0BC412D}.Debug|Any CPU.Build.0 = Debug|Any CPU
		{8DC2BBF0-DFFB-43EB-9F17-A942B0BC412D}.Debug|ARM.ActiveCfg = Debug|Any CPU
		{8DC2BBF0-DFFB-43EB-9F17-A942B0BC412D}.Debug|ARM.Build.0 = Debug|Any CPU
		{8DC2BBF0-DFFB-43EB-9F17-A942B0BC412D}.Debug|ARM64.ActiveCfg = Debug|Any CPU
		{8DC2BBF0-DFFB-43EB-9F17-A942B0BC412D}.Debug|ARM64.Build.0 = Debug|Any CPU
		{8DC2BBF0-DFFB-43EB-9F17-A942B0BC412D}.Debug|x64.ActiveCfg = Debug|Any CPU
		{8DC2BBF0-DFFB-43EB-9F17-A942B0BC412D}.Debug|x64.Build.0 = Debug|Any CPU
		{8DC2BBF0-DFFB-43EB-9F17-A942B0BC412D}.Debug|x86.ActiveCfg = Debug|Any CPU
		{8DC2BBF0-DFFB-43EB-9F17-A942B0BC412D}.Debug|x86.Build.0 = Debug|Any CPU
		{8DC2BBF0-DFFB-43EB-9F17-A942B0BC412D}.Release|Any CPU.ActiveCfg = Release|Any CPU
		{8DC2BBF0-DFFB-43EB-9F17-A942B0BC412D}.Release|Any CPU.Build.0 = Release|Any CPU
		{8DC2BBF0-DFFB-43EB-9F17-A942B0BC412D}.Release|ARM.ActiveCfg = Release|Any CPU
		{8DC2BBF0-DFFB-43EB-9F17-A942B0BC412D}.Release|ARM.Build.0 = Release|Any CPU
		{8DC2BBF0-DFFB-43EB-9F17-A942B0BC412D}.Release|ARM64.ActiveCfg = Release|Any CPU
		{8DC2BBF0-DFFB-43EB-9F17-A942B0BC412D}.Release|ARM64.Build.0 = Release|Any CPU
		{8DC2BBF0-DFFB-43EB-9F17-A942B0BC412D}.Release|x64.ActiveCfg = Release|Any CPU
		{8DC2BBF0-DFFB-43EB-9F17-A942B0BC412D}.Release|x64.Build.0 = Release|Any CPU
		{8DC2BBF0-DFFB-43EB-9F17-A942B0BC412D}.Release|x86.ActiveCfg = Release|Any CPU
		{8DC2BBF0-DFFB-43EB-9F17-A942B0BC412D}.Release|x86.Build.0 = Release|Any CPU
		{2E7E095E-7E1B-4F5A-AA0B-EBF8624A4415}.Debug|Any CPU.ActiveCfg = Debug|Any CPU
		{2E7E095E-7E1B-4F5A-AA0B-EBF8624A4415}.Debug|Any CPU.Build.0 = Debug|Any CPU
		{2E7E095E-7E1B-4F5A-AA0B-EBF8624A4415}.Debug|ARM.ActiveCfg = Debug|Any CPU
		{2E7E095E-7E1B-4F5A-AA0B-EBF8624A4415}.Debug|ARM.Build.0 = Debug|Any CPU
		{2E7E095E-7E1B-4F5A-AA0B-EBF8624A4415}.Debug|ARM64.ActiveCfg = Debug|Any CPU
		{2E7E095E-7E1B-4F5A-AA0B-EBF8624A4415}.Debug|ARM64.Build.0 = Debug|Any CPU
		{2E7E095E-7E1B-4F5A-AA0B-EBF8624A4415}.Debug|x64.ActiveCfg = Debug|Any CPU
		{2E7E095E-7E1B-4F5A-AA0B-EBF8624A4415}.Debug|x64.Build.0 = Debug|Any CPU
		{2E7E095E-7E1B-4F5A-AA0B-EBF8624A4415}.Debug|x86.ActiveCfg = Debug|Any CPU
		{2E7E095E-7E1B-4F5A-AA0B-EBF8624A4415}.Debug|x86.Build.0 = Debug|Any CPU
		{2E7E095E-7E1B-4F5A-AA0B-EBF8624A4415}.Release|Any CPU.ActiveCfg = Release|Any CPU
		{2E7E095E-7E1B-4F5A-AA0B-EBF8624A4415}.Release|Any CPU.Build.0 = Release|Any CPU
		{2E7E095E-7E1B-4F5A-AA0B-EBF8624A4415}.Release|ARM.ActiveCfg = Release|Any CPU
		{2E7E095E-7E1B-4F5A-AA0B-EBF8624A4415}.Release|ARM.Build.0 = Release|Any CPU
		{2E7E095E-7E1B-4F5A-AA0B-EBF8624A4415}.Release|ARM64.ActiveCfg = Release|Any CPU
		{2E7E095E-7E1B-4F5A-AA0B-EBF8624A4415}.Release|ARM64.Build.0 = Release|Any CPU
		{2E7E095E-7E1B-4F5A-AA0B-EBF8624A4415}.Release|x64.ActiveCfg = Release|Any CPU
		{2E7E095E-7E1B-4F5A-AA0B-EBF8624A4415}.Release|x64.Build.0 = Release|Any CPU
		{2E7E095E-7E1B-4F5A-AA0B-EBF8624A4415}.Release|x86.ActiveCfg = Release|Any CPU
		{2E7E095E-7E1B-4F5A-AA0B-EBF8624A4415}.Release|x86.Build.0 = Release|Any CPU
		{F3C5206C-157C-4334-A391-676E8FBC5600}.Debug|Any CPU.ActiveCfg = Debug|Any CPU
		{F3C5206C-157C-4334-A391-676E8FBC5600}.Debug|Any CPU.Build.0 = Debug|Any CPU
		{F3C5206C-157C-4334-A391-676E8FBC5600}.Debug|ARM.ActiveCfg = Debug|Any CPU
		{F3C5206C-157C-4334-A391-676E8FBC5600}.Debug|ARM.Build.0 = Debug|Any CPU
		{F3C5206C-157C-4334-A391-676E8FBC5600}.Debug|ARM64.ActiveCfg = Debug|Any CPU
		{F3C5206C-157C-4334-A391-676E8FBC5600}.Debug|ARM64.Build.0 = Debug|Any CPU
		{F3C5206C-157C-4334-A391-676E8FBC5600}.Debug|x64.ActiveCfg = Debug|Any CPU
		{F3C5206C-157C-4334-A391-676E8FBC5600}.Debug|x64.Build.0 = Debug|Any CPU
		{F3C5206C-157C-4334-A391-676E8FBC5600}.Debug|x86.ActiveCfg = Debug|Any CPU
		{F3C5206C-157C-4334-A391-676E8FBC5600}.Debug|x86.Build.0 = Debug|Any CPU
		{F3C5206C-157C-4334-A391-676E8FBC5600}.Release|Any CPU.ActiveCfg = Release|Any CPU
		{F3C5206C-157C-4334-A391-676E8FBC5600}.Release|Any CPU.Build.0 = Release|Any CPU
		{F3C5206C-157C-4334-A391-676E8FBC5600}.Release|ARM.ActiveCfg = Release|Any CPU
		{F3C5206C-157C-4334-A391-676E8FBC5600}.Release|ARM.Build.0 = Release|Any CPU
		{F3C5206C-157C-4334-A391-676E8FBC5600}.Release|ARM64.ActiveCfg = Release|Any CPU
		{F3C5206C-157C-4334-A391-676E8FBC5600}.Release|ARM64.Build.0 = Release|Any CPU
		{F3C5206C-157C-4334-A391-676E8FBC5600}.Release|x64.ActiveCfg = Release|Any CPU
		{F3C5206C-157C-4334-A391-676E8FBC5600}.Release|x64.Build.0 = Release|Any CPU
		{F3C5206C-157C-4334-A391-676E8FBC5600}.Release|x86.ActiveCfg = Release|Any CPU
		{F3C5206C-157C-4334-A391-676E8FBC5600}.Release|x86.Build.0 = Release|Any CPU
		{CB7DFC40-C87B-4188-8A61-4476DE019DAD}.Debug|Any CPU.ActiveCfg = Debug|Any CPU
		{CB7DFC40-C87B-4188-8A61-4476DE019DAD}.Debug|Any CPU.Build.0 = Debug|Any CPU
		{CB7DFC40-C87B-4188-8A61-4476DE019DAD}.Debug|ARM.ActiveCfg = Debug|Any CPU
		{CB7DFC40-C87B-4188-8A61-4476DE019DAD}.Debug|ARM.Build.0 = Debug|Any CPU
		{CB7DFC40-C87B-4188-8A61-4476DE019DAD}.Debug|ARM64.ActiveCfg = Debug|Any CPU
		{CB7DFC40-C87B-4188-8A61-4476DE019DAD}.Debug|ARM64.Build.0 = Debug|Any CPU
		{CB7DFC40-C87B-4188-8A61-4476DE019DAD}.Debug|x64.ActiveCfg = Debug|Any CPU
		{CB7DFC40-C87B-4188-8A61-4476DE019DAD}.Debug|x64.Build.0 = Debug|Any CPU
		{CB7DFC40-C87B-4188-8A61-4476DE019DAD}.Debug|x86.ActiveCfg = Debug|Any CPU
		{CB7DFC40-C87B-4188-8A61-4476DE019DAD}.Debug|x86.Build.0 = Debug|Any CPU
		{CB7DFC40-C87B-4188-8A61-4476DE019DAD}.Release|Any CPU.ActiveCfg = Release|Any CPU
		{CB7DFC40-C87B-4188-8A61-4476DE019DAD}.Release|Any CPU.Build.0 = Release|Any CPU
		{CB7DFC40-C87B-4188-8A61-4476DE019DAD}.Release|ARM.ActiveCfg = Release|Any CPU
		{CB7DFC40-C87B-4188-8A61-4476DE019DAD}.Release|ARM.Build.0 = Release|Any CPU
		{CB7DFC40-C87B-4188-8A61-4476DE019DAD}.Release|ARM64.ActiveCfg = Release|Any CPU
		{CB7DFC40-C87B-4188-8A61-4476DE019DAD}.Release|ARM64.Build.0 = Release|Any CPU
		{CB7DFC40-C87B-4188-8A61-4476DE019DAD}.Release|x64.ActiveCfg = Release|Any CPU
		{CB7DFC40-C87B-4188-8A61-4476DE019DAD}.Release|x64.Build.0 = Release|Any CPU
		{CB7DFC40-C87B-4188-8A61-4476DE019DAD}.Release|x86.ActiveCfg = Release|Any CPU
		{CB7DFC40-C87B-4188-8A61-4476DE019DAD}.Release|x86.Build.0 = Release|Any CPU
		{9AF265E6-5EC8-4D33-9079-AF6A0338460A}.Debug|Any CPU.ActiveCfg = Debug|Any CPU
		{9AF265E6-5EC8-4D33-9079-AF6A0338460A}.Debug|Any CPU.Build.0 = Debug|Any CPU
		{9AF265E6-5EC8-4D33-9079-AF6A0338460A}.Debug|ARM.ActiveCfg = Debug|Any CPU
		{9AF265E6-5EC8-4D33-9079-AF6A0338460A}.Debug|ARM.Build.0 = Debug|Any CPU
		{9AF265E6-5EC8-4D33-9079-AF6A0338460A}.Debug|ARM64.ActiveCfg = Debug|Any CPU
		{9AF265E6-5EC8-4D33-9079-AF6A0338460A}.Debug|ARM64.Build.0 = Debug|Any CPU
		{9AF265E6-5EC8-4D33-9079-AF6A0338460A}.Debug|x64.ActiveCfg = Debug|Any CPU
		{9AF265E6-5EC8-4D33-9079-AF6A0338460A}.Debug|x64.Build.0 = Debug|Any CPU
		{9AF265E6-5EC8-4D33-9079-AF6A0338460A}.Debug|x86.ActiveCfg = Debug|Any CPU
		{9AF265E6-5EC8-4D33-9079-AF6A0338460A}.Debug|x86.Build.0 = Debug|Any CPU
		{9AF265E6-5EC8-4D33-9079-AF6A0338460A}.Release|Any CPU.ActiveCfg = Release|Any CPU
		{9AF265E6-5EC8-4D33-9079-AF6A0338460A}.Release|Any CPU.Build.0 = Release|Any CPU
		{9AF265E6-5EC8-4D33-9079-AF6A0338460A}.Release|ARM.ActiveCfg = Release|Any CPU
		{9AF265E6-5EC8-4D33-9079-AF6A0338460A}.Release|ARM.Build.0 = Release|Any CPU
		{9AF265E6-5EC8-4D33-9079-AF6A0338460A}.Release|ARM64.ActiveCfg = Release|Any CPU
		{9AF265E6-5EC8-4D33-9079-AF6A0338460A}.Release|ARM64.Build.0 = Release|Any CPU
		{9AF265E6-5EC8-4D33-9079-AF6A0338460A}.Release|x64.ActiveCfg = Release|Any CPU
		{9AF265E6-5EC8-4D33-9079-AF6A0338460A}.Release|x64.Build.0 = Release|Any CPU
		{9AF265E6-5EC8-4D33-9079-AF6A0338460A}.Release|x86.ActiveCfg = Release|Any CPU
		{9AF265E6-5EC8-4D33-9079-AF6A0338460A}.Release|x86.Build.0 = Release|Any CPU
		{7AE4F2E7-7A9D-4101-9B9F-ADFD87A35128}.Debug|Any CPU.ActiveCfg = Debug|Any CPU
		{7AE4F2E7-7A9D-4101-9B9F-ADFD87A35128}.Debug|Any CPU.Build.0 = Debug|Any CPU
		{7AE4F2E7-7A9D-4101-9B9F-ADFD87A35128}.Debug|ARM.ActiveCfg = Debug|Any CPU
		{7AE4F2E7-7A9D-4101-9B9F-ADFD87A35128}.Debug|ARM.Build.0 = Debug|Any CPU
		{7AE4F2E7-7A9D-4101-9B9F-ADFD87A35128}.Debug|ARM64.ActiveCfg = Debug|Any CPU
		{7AE4F2E7-7A9D-4101-9B9F-ADFD87A35128}.Debug|ARM64.Build.0 = Debug|Any CPU
		{7AE4F2E7-7A9D-4101-9B9F-ADFD87A35128}.Debug|x64.ActiveCfg = Debug|Any CPU
		{7AE4F2E7-7A9D-4101-9B9F-ADFD87A35128}.Debug|x64.Build.0 = Debug|Any CPU
		{7AE4F2E7-7A9D-4101-9B9F-ADFD87A35128}.Debug|x86.ActiveCfg = Debug|Any CPU
		{7AE4F2E7-7A9D-4101-9B9F-ADFD87A35128}.Debug|x86.Build.0 = Debug|Any CPU
		{7AE4F2E7-7A9D-4101-9B9F-ADFD87A35128}.Release|Any CPU.ActiveCfg = Release|Any CPU
		{7AE4F2E7-7A9D-4101-9B9F-ADFD87A35128}.Release|Any CPU.Build.0 = Release|Any CPU
		{7AE4F2E7-7A9D-4101-9B9F-ADFD87A35128}.Release|ARM.ActiveCfg = Release|Any CPU
		{7AE4F2E7-7A9D-4101-9B9F-ADFD87A35128}.Release|ARM.Build.0 = Release|Any CPU
		{7AE4F2E7-7A9D-4101-9B9F-ADFD87A35128}.Release|ARM64.ActiveCfg = Release|Any CPU
		{7AE4F2E7-7A9D-4101-9B9F-ADFD87A35128}.Release|ARM64.Build.0 = Release|Any CPU
		{7AE4F2E7-7A9D-4101-9B9F-ADFD87A35128}.Release|x64.ActiveCfg = Release|Any CPU
		{7AE4F2E7-7A9D-4101-9B9F-ADFD87A35128}.Release|x64.Build.0 = Release|Any CPU
		{7AE4F2E7-7A9D-4101-9B9F-ADFD87A35128}.Release|x86.ActiveCfg = Release|Any CPU
		{7AE4F2E7-7A9D-4101-9B9F-ADFD87A35128}.Release|x86.Build.0 = Release|Any CPU
	EndGlobalSection
	GlobalSection(SolutionProperties) = preSolution
		HideSolutionNode = FALSE
	EndGlobalSection
	GlobalSection(NestedProjects) = preSolution
		{AD4E424A-30E3-4FEF-98EE-1FCBBE719CC4} = {2CB26795-EF03-4671-A9CC-F99089AD35D9}
		{3DF99B6B-B35F-4F53-AC0B-547F5D129295} = {2CB26795-EF03-4671-A9CC-F99089AD35D9}
		{F0C1C21F-319C-4B98-85B2-43C69E874459} = {2CB26795-EF03-4671-A9CC-F99089AD35D9}
		{5FB07052-4B12-4140-A088-DD9530854741} = {9FA7F34E-825D-4D87-96AF-300EDF85FE4B}
		{83F2780E-867D-4920-ADBF-6CB43E8C4BB5} = {9FA7F34E-825D-4D87-96AF-300EDF85FE4B}
		{019C2BCC-8CA6-4D40-933C-E6CA30D05E42} = {9FA7F34E-825D-4D87-96AF-300EDF85FE4B}
		{8DC2BBF0-DFFB-43EB-9F17-A942B0BC412D} = {E3425207-272E-4D14-8B7E-D17092F0E349}
		{2E7E095E-7E1B-4F5A-AA0B-EBF8624A4415} = {E3425207-272E-4D14-8B7E-D17092F0E349}
		{F3C5206C-157C-4334-A391-676E8FBC5600} = {E3425207-272E-4D14-8B7E-D17092F0E349}
		{CB7DFC40-C87B-4188-8A61-4476DE019DAD} = {3F5DB73A-9B8F-487B-9EC1-9E23216D7571}
		{9AF265E6-5EC8-4D33-9079-AF6A0338460A} = {3F5DB73A-9B8F-487B-9EC1-9E23216D7571}
		{7AE4F2E7-7A9D-4101-9B9F-ADFD87A35128} = {3F5DB73A-9B8F-487B-9EC1-9E23216D7571}
	EndGlobalSection
	GlobalSection(ExtensibilityGlobals) = postSolution
		SolutionGuid = {491B8FDE-8AA5-4EA4-B166-091A4F64D702}
	EndGlobalSection
EndGlobal
