
Microsoft Visual Studio Solution File, Format Version 12.00
# Visual Studio Version 17
VisualStudioVersion = 17.11.35312.102
MinimumVisualStudioVersion = 10.0.40219.1
Project("{2150E333-8FDC-42A3-9474-1A3956D46DE8}") = "Task0", "Task0", "{2CB26795-EF03-4671-A9CC-F99089AD35D9}"
EndProject
Project("{9A19103F-16F7-4668-BE54-9A1E7A4F7556}") = "Tyuiu.KorobeinikovaDD.Sprint6.Task0.V21.Lib", "Tyuiu.KorobeinikovaDD.Sprint6.Task0.V21.Lib\Tyuiu.KorobeinikovaDD.Sprint6.Task0.V21.Lib.csproj", "{AD4E424A-30E3-4FEF-98EE-1FCBBE719CC4}"
EndProject
Project("{9A19103F-16F7-4668-BE54-9A1E7A4F7556}") = "Tyuiu.KorobeinikovaDD.Sprint6.Task0.V21.Test", "Tyuiu.KorobeinikovaDD.Sprint6.Task0.V21.Test\Tyuiu.KorobeinikovaDD.Sprint6.Task0.V21.Test.csproj", "{3DF99B6B-B35F-4F53-AC0B-547F5D129295}"
EndProject
Project("{9A19103F-16F7-4668-BE54-9A1E7A4F7556}") = "Tyuiu.KorobeinikovaDD.Sprint6.Task0.V21", "Tyuiu.KorobeinikovaDD.Sprint6.Task0.V21\Tyuiu.KorobeinikovaDD.Sprint6.Task0.V21.csproj", "{F0C1C21F-319C-4B98-85B2-43C69E874459}"
EndProject
Project("{2150E333-8FDC-42A3-9474-1A3956D46DE8}") = "Task1", "Task1", "{9FA7F34E-825D-4D87-96AF-300EDF85FE4B}"
EndProject
Project("{9A19103F-16F7-4668-BE54-9A1E7A4F7556}") = "Tyuiu.KorobeinikovaDD.Sprint6.Task1.V29", "Tyuiu.KorobeinikovaDD.Sprint6.Task1.V29\Tyuiu.KorobeinikovaDD.Sprint6.Task1.V29.csproj", "{5FB07052-4B12-4140-A088-DD9530854741}"
EndProject
Project("{9A19103F-16F7-4668-BE54-9A1E7A4F7556}") = "Tyuiu.KorobeinikovaDD.Sprint6.Task1.V29.Lib", "Tyuiu.KorobeinikovaDD.Sprint6.Task1.V29.Lib\Tyuiu.KorobeinikovaDD.Sprint6.Task1.V29.Lib.csproj", "{83F2780E-867D-4920-ADBF-6CB43E8C4BB5}"
EndProject
Project("{9A19103F-16F7-4668-BE54-9A1E7A4F7556}") = "Tyuiu.KorobeinikovaDD.Sprint6.Task1.V29.Test", "Tyuiu.KorobeinikovaDD.Sprint6.Task1.V29.Test\Tyuiu.KorobeinikovaDD.Sprint6.Task1.V29.Test.csproj", "{019C2BCC-8CA6-4D40-933C-E6CA30D05E42}"
EndProject
Project("{2150E333-8FDC-42A3-9474-1A3956D46DE8}") = "Task2", "Task2", "{E3425207-272E-4D14-8B7E-D17092F0E349}"
EndProject
Project("{9A19103F-16F7-4668-BE54-9A1E7A4F7556}") = "Tyuiu.KorobeinikovaDD.Sprint6.Task2.V2", "Tyuiu.KorobeinikovaDD.Sprint6.Task2.V2\Tyuiu.KorobeinikovaDD.Sprint6.Task2.V2.csproj", "{8DC2BBF0-DFFB-43EB-9F17-A942B0BC412D}"
EndProject
Project("{9A19103F-16F7-4668-BE54-9A1E7A4F7556}") = "Tyuiu.KorobeinikovaDD.Sprint6.Task2.V2.Lib", "Tyuiu.KorobeinikovaDD.Sprint6.Task2.V2.Lib\Tyuiu.KorobeinikovaDD.Sprint6.Task2.V2.Lib.csproj", "{2E7E095E-7E1B-4F5A-AA0B-EBF8624A4415}"
EndProject
Project("{9A19103F-16F7-4668-BE54-9A1E7A4F7556}") = "Tyuiu.KorobeinikovaDD.Sprint6.Task2.V2.Test", "Tyuiu.KorobeinikovaDD.Sprint6.Task2.V2.Test\Tyuiu.KorobeinikovaDD.Sprint6.Task2.V2.Test.csproj", "{F3C5206C-157C-4334-A391-676E8FBC5600}"
EndProject
Project("{2150E333-8FDC-42A3-9474-1A3956D46DE8}") = "Task3", "Task3", "{3F5DB73A-9B8F-487B-9EC1-9E23216D7571}"
EndProject
Project("{9A19103F-16F7-4668-BE54-9A1E7A4F7556}") = "Tyuiu.KorobeinikovaDD.Sprint6.Task3.V26", "Tyuiu.KorobeinikovaDD.Sprint6.Task3.V26\Tyuiu.KorobeinikovaDD.Sprint6.Task3.V26.csproj", "{CB7DFC40-C87B-4188-8A61-4476DE019DAD}"
EndProject
Project("{9A19103F-16F7-4668-BE54-9A1E7A4F7556}") = "Tyuiu.KorobeinikovaDD.Sprint6.Task3.V26.Lib", "Tyuiu.KorobeinikovaDD.Sprint6.Task3.V26.Lib\Tyuiu.KorobeinikovaDD.Sprint6.Task3.V26.Lib.csproj", "{9AF265E6-5EC8-4D33-9079-AF6A0338460A}"
EndProject
Project("{9A19103F-16F7-4668-BE54-9A1E7A4F7556}") = "Tyuiu.KorobeinikovaDD.Sprint6.Task3.V26.Test", "Tyuiu.KorobeinikovaDD.Sprint6.Task3.V26.Test\Tyuiu.KorobeinikovaDD.Sprint6.Task3.V26.Test.csproj", "{7AE4F2E7-7A9D-4101-9B9F-ADFD87A35128}"
EndProject
Project("{2150E333-8FDC-42A3-9474-1A3956D46DE8}") = "Task4", "Task4", "{3C12CCA3-CE6C-486D-973E-841B621AB705}"
EndProject
Project("{9A19103F-16F7-4668-BE54-9A1E7A4F7556}") = "Tyuiu.KorobeinikovaDD.Sprint6.Task4.V16", "Tyuiu.KorobeinikovaDD.Sprint6.Task4.V16\Tyuiu.KorobeinikovaDD.Sprint6.Task4.V16.csproj", "{04048986-311F-4ACA-BB0F-DFF982A8FFF9}"
EndProject
Project("{9A19103F-16F7-4668-BE54-9A1E7A4F7556}") = "Tyuiu.KorobeinikovaDD.Sprint6.Task4.V16.Lib", "Tyuiu.KorobeinikovaDD.Sprint6.Task4.V16.Lib\Tyuiu.KorobeinikovaDD.Sprint6.Task4.V16.Lib.csproj", "{CAD26F40-476D-4361-9CFA-F27E2E251A08}"
EndProject
Project("{9A19103F-16F7-4668-BE54-9A1E7A4F7556}") = "Tyuiu.KorobeinikovaDD.Sprint6.Task4.V16.Test", "Tyuiu.KorobeinikovaDD.Sprint6.Task4.V16.Test\Tyuiu.KorobeinikovaDD.Sprint6.Task4.V16.Test.csproj", "{6DDE3432-DC05-449B-AECF-D21BC2713D69}"
EndProject
Project("{2150E333-8FDC-42A3-9474-1A3956D46DE8}") = "Task5", "Task5", "{5193C25F-C1C3-4026-8F97-36639244E100}"
EndProject
Project("{9A19103F-16F7-4668-BE54-9A1E7A4F7556}") = "Tyuiu.KorobeinikovaDD.Sprint6.Task5.V21", "Tyuiu.KorobeinikovaDD.Sprint6.Task5.V21\Tyuiu.KorobeinikovaDD.Sprint6.Task5.V21.csproj", "{9D66D623-1259-405C-B2C6-35046B0DD2F5}"
EndProject
Project("{9A19103F-16F7-4668-BE54-9A1E7A4F7556}") = "Tyuiu.KorobeinikovaDD.Sprint6.Task5.V21.Lib", "Tyuiu.KorobeinikovaDD.Sprint6.Task5.V21.Lib\Tyuiu.KorobeinikovaDD.Sprint6.Task5.V21.Lib.csproj", "{A0F056CB-1B46-4EAF-9108-165B72A93E08}"
EndProject
Project("{9A19103F-16F7-4668-BE54-9A1E7A4F7556}") = "Tyuiu.KorobeinikovaDD.Sprint6.Task5.V21.Test", "Tyuiu.KorobeinikovaDD.Sprint6.Task5.V21.Test\Tyuiu.KorobeinikovaDD.Sprint6.Task5.V21.Test.csproj", "{56F4B7EF-CFAF-4DD5-B861-5697C9BC869C}"
EndProject
Project("{2150E333-8FDC-42A3-9474-1A3956D46DE8}") = "Task6", "Task6", "{05C858B4-2FC8-4D8E-88CE-5DBA1F4046FE}"
EndProject
Project("{FAE04EC0-301F-11D3-BF4B-00C04F79EFBC}") = "Tyuiu.KorobeinikovaDD.Sprint6.Task6.V19", "Tyuiu.KorobeinikovaDD.Sprint6.Task6.V19\Tyuiu.KorobeinikovaDD.Sprint6.Task6.V19.csproj", "{7E2BB254-7C29-4154-B7F3-D9062B783A38}"
EndProject
Project("{FAE04EC0-301F-11D3-BF4B-00C04F79EFBC}") = "Tyuiu.KorobeinikovaDD.Sprint6.Task6.V19.Lib", "Tyuiu.KorobeinikovaDD.Sprint6.Task6.V19.Lib\Tyuiu.KorobeinikovaDD.Sprint6.Task6.V19.Lib.csproj", "{661B3482-BE98-4148-9748-EF87B3AF1194}"
EndProject
Project("{FAE04EC0-301F-11D3-BF4B-00C04F79EFBC}") = "Tyuiu.KorobeinikovaDD.Sprint6.Task6.V19.Test", "Tyuiu.KorobeinikovaDD.Sprint6.Task6.V19.Test\Tyuiu.KorobeinikovaDD.Sprint6.Task6.V19.Test.csproj", "{2D29B874-CD14-4661-88E0-494C72044DBD}"
EndProject
Global
	GlobalSection(SolutionConfigurationPlatforms) = preSolution
		Debug|Any CPU = Debug|Any CPU
		Debug|ARM = Debug|ARM
		Debug|ARM64 = Debug|ARM64
		Debug|x64 = Debug|x64
		Debug|x86 = Debug|x86
		Release|Any CPU = Release|Any CPU
		Release|ARM = Release|ARM
		Release|ARM64 = Release|ARM64
		Release|x64 = Release|x64
		Release|x86 = Release|x86
	EndGlobalSection
	GlobalSection(ProjectConfigurationPlatforms) = postSolution
		{AD4E424A-30E3-4FEF-98EE-1FCBBE719CC4}.Debug|Any CPU.ActiveCfg = Debug|Any CPU
		{AD4E424A-30E3-4FEF-98EE-1FCBBE719CC4}.Debug|Any CPU.Build.0 = Debug|Any CPU
		{AD4E424A-30E3-4FEF-98EE-1FCBBE719CC4}.Debug|ARM.ActiveCfg = Debug|Any CPU
		{AD4E424A-30E3-4FEF-98EE-1FCBBE719CC4}.Debug|ARM.Build.0 = Debug|Any CPU
		{AD4E424A-30E3-4FEF-98EE-1FCBBE719CC4}.Debug|ARM64.ActiveCfg = Debug|Any CPU
		{AD4E424A-30E3-4FEF-98EE-1FCBBE719CC4}.Debug|ARM64.Build.0 = Debug|Any CPU
		{AD4E424A-30E3-4FEF-98EE-1FCBBE719CC4}.Debug|x64.ActiveCfg = Debug|Any CPU
		{AD4E424A-30E3-4FEF-98EE-1FCBBE719CC4}.Debug|x64.Build.0 = Debug|Any CPU
		{AD4E424A-30E3-4FEF-98EE-1FCBBE719CC4}.Debug|x86.ActiveCfg = Debug|Any CPU
		{AD4E424A-30E3-4FEF-98EE-1FCBBE719CC4}.Debug|x86.Build.0 = Debug|Any CPU
		{AD4E424A-30E3-4FEF-98EE-1FCBBE719CC4}.Release|Any CPU.ActiveCfg = Release|Any CPU
		{AD4E424A-30E3-4FEF-98EE-1FCBBE719CC4}.Release|Any CPU.Build.0 = Release|Any CPU
		{AD4E424A-30E3-4FEF-98EE-1FCBBE719CC4}.Release|ARM.ActiveCfg = Release|Any CPU
		{AD4E424A-30E3-4FEF-98EE-1FCBBE719CC4}.Release|ARM.Build.0 = Release|Any CPU
		{AD4E424A-30E3-4FEF-98EE-1FCBBE719CC4}.Release|ARM64.ActiveCfg = Release|Any CPU
		{AD4E424A-30E3-4FEF-98EE-1FCBBE719CC4}.Release|ARM64.Build.0 = Release|Any CPU
		{AD4E424A-30E3-4FEF-98EE-1FCBBE719CC4}.Release|x64.ActiveCfg = Release|Any CPU
		{AD4E424A-30E3-4FEF-98EE-1FCBBE719CC4}.Release|x64.Build.0 = Release|Any CPU
		{AD4E424A-30E3-4FEF-98EE-1FCBBE719CC4}.Release|x86.ActiveCfg = Release|Any CPU
		{AD4E424A-30E3-4FEF-98EE-1FCBBE719CC4}.Release|x86.Build.0 = Release|Any CPU
		{3DF99B6B-B35F-4F53-AC0B-547F5D129295}.Debug|Any CPU.ActiveCfg = Debug|Any CPU
		{3DF99B6B-B35F-4F53-AC0B-547F5D129295}.Debug|Any CPU.Build.0 = Debug|Any CPU
		{3DF99B6B-B35F-4F53-AC0B-547F5D129295}.Debug|ARM.ActiveCfg = Debug|Any CPU
		{3DF99B6B-B35F-4F53-AC0B-547F5D129295}.Debug|ARM.Build.0 = Debug|Any CPU
		{3DF99B6B-B35F-4F53-AC0B-547F5D129295}.Debug|ARM64.ActiveCfg = Debug|Any CPU
		{3DF99B6B-B35F-4F53-AC0B-547F5D129295}.Debug|ARM64.Build.0 = Debug|Any CPU
		{3DF99B6B-B35F-4F53-AC0B-547F5D129295}.Debug|x64.ActiveCfg = Debug|Any CPU
		{3DF99B6B-B35F-4F53-AC0B-547F5D129295}.Debug|x64.Build.0 = Debug|Any CPU
		{3DF99B6B-B35F-4F53-AC0B-547F5D129295}.Debug|x86.ActiveCfg = Debug|Any CPU
		{3DF99B6B-B35F-4F53-AC0B-547F5D129295}.Debug|x86.Build.0 = Debug|Any CPU
		{3DF99B6B-B35F-4F53-AC0B-547F5D129295}.Release|Any CPU.ActiveCfg = Release|Any CPU
		{3DF99B6B-B35F-4F53-AC0B-547F5D129295}.Release|Any CPU.Build.0 = Release|Any CPU
		{3DF99B6B-B35F-4F53-AC0B-547F5D129295}.Release|ARM.ActiveCfg = Release|Any CPU
		{3DF99B6B-B35F-4F53-AC0B-547F5D129295}.Release|ARM.Build.0 = Release|Any CPU
		{3DF99B6B-B35F-4F53-AC0B-547F5D129295}.Release|ARM64.ActiveCfg = Release|Any CPU
		{3DF99B6B-B35F-4F53-AC0B-547F5D129295}.Release|ARM64.Build.0 = Release|Any CPU
		{3DF99B6B-B35F-4F53-AC0B-547F5D129295}.Release|x64.ActiveCfg = Release|Any CPU
		{3DF99B6B-B35F-4F53-AC0B-547F5D129295}.Release|x64.Build.0 = Release|Any CPU
		{3DF99B6B-B35F-4F53-AC0B-547F5D129295}.Release|x86.ActiveCfg = Release|Any CPU
		{3DF99B6B-B35F-4F53-AC0B-547F5D129295}.Release|x86.Build.0 = Release|Any CPU
		{F0C1C21F-319C-4B98-85B2-43C69E874459}.Debug|Any CPU.ActiveCfg = Debug|Any CPU
		{F0C1C21F-319C-4B98-85B2-43C69E874459}.Debug|Any CPU.Build.0 = Debug|Any CPU
		{F0C1C21F-319C-4B98-85B2-43C69E874459}.Debug|ARM.ActiveCfg = Debug|Any CPU
		{F0C1C21F-319C-4B98-85B2-43C69E874459}.Debug|ARM.Build.0 = Debug|Any CPU
		{F0C1C21F-319C-4B98-85B2-43C69E874459}.Debug|ARM64.ActiveCfg = Debug|Any CPU
		{F0C1C21F-319C-4B98-85B2-43C69E874459}.Debug|ARM64.Build.0 = Debug|Any CPU
		{F0C1C21F-319C-4B98-85B2-43C69E874459}.Debug|x64.ActiveCfg = Debug|Any CPU
		{F0C1C21F-319C-4B98-85B2-43C69E874459}.Debug|x64.Build.0 = Debug|Any CPU
		{F0C1C21F-319C-4B98-85B2-43C69E874459}.Debug|x86.ActiveCfg = Debug|Any CPU
		{F0C1C21F-319C-4B98-85B2-43C69E874459}.Debug|x86.Build.0 = Debug|Any CPU
		{F0C1C21F-319C-4B98-85B2-43C69E874459}.Release|Any CPU.ActiveCfg = Release|Any CPU
		{F0C1C21F-319C-4B98-85B2-43C69E874459}.Release|Any CPU.Build.0 = Release|Any CPU
		{F0C1C21F-319C-4B98-85B2-43C69E874459}.Release|ARM.ActiveCfg = Release|Any CPU
		{F0C1C21F-319C-4B98-85B2-43C69E874459}.Release|ARM.Build.0 = Release|Any CPU
		{F0C1C21F-319C-4B98-85B2-43C69E874459}.Release|ARM64.ActiveCfg = Release|Any CPU
		{F0C1C21F-319C-4B98-85B2-43C69E874459}.Release|ARM64.Build.0 = Release|Any CPU
		{F0C1C21F-319C-4B98-85B2-43C69E874459}.Release|x64.ActiveCfg = Release|Any CPU
		{F0C1C21F-319C-4B98-85B2-43C69E874459}.Release|x64.Build.0 = Release|Any CPU
		{F0C1C21F-319C-4B98-85B2-43C69E874459}.Release|x86.ActiveCfg = Release|Any CPU
		{F0C1C21F-319C-4B98-85B2-43C69E874459}.Release|x86.Build.0 = Release|Any CPU
		{5FB07052-4B12-4140-A088-DD9530854741}.Debug|Any CPU.ActiveCfg = Debug|Any CPU
		{5FB07052-4B12-4140-A088-DD9530854741}.Debug|Any CPU.Build.0 = Debug|Any CPU
		{5FB07052-4B12-4140-A088-DD9530854741}.Debug|ARM.ActiveCfg = Debug|Any CPU
		{5FB07052-4B12-4140-A088-DD9530854741}.Debug|ARM.Build.0 = Debug|Any CPU
		{5FB07052-4B12-4140-A088-DD9530854741}.Debug|ARM64.ActiveCfg = Debug|Any CPU
		{5FB07052-4B12-4140-A088-DD9530854741}.Debug|ARM64.Build.0 = Debug|Any CPU
		{5FB07052-4B12-4140-A088-DD9530854741}.Debug|x64.ActiveCfg = Debug|Any CPU
		{5FB07052-4B12-4140-A088-DD9530854741}.Debug|x64.Build.0 = Debug|Any CPU
		{5FB07052-4B12-4140-A088-DD9530854741}.Debug|x86.ActiveCfg = Debug|Any CPU
		{5FB07052-4B12-4140-A088-DD9530854741}.Debug|x86.Build.0 = Debug|Any CPU
		{5FB07052-4B12-4140-A088-DD9530854741}.Release|Any CPU.ActiveCfg = Release|Any CPU
		{5FB07052-4B12-4140-A088-DD9530854741}.Release|Any CPU.Build.0 = Release|Any CPU
		{5FB07052-4B12-4140-A088-DD9530854741}.Release|ARM.ActiveCfg = Release|Any CPU
		{5FB07052-4B12-4140-A088-DD9530854741}.Release|ARM.Build.0 = Release|Any CPU
		{5FB07052-4B12-4140-A088-DD9530854741}.Release|ARM64.ActiveCfg = Release|Any CPU
		{5FB07052-4B12-4140-A088-DD9530854741}.Release|ARM64.Build.0 = Release|Any CPU
		{5FB07052-4B12-4140-A088-DD9530854741}.Release|x64.ActiveCfg = Release|Any CPU
		{5FB07052-4B12-4140-A088-DD9530854741}.Release|x64.Build.0 = Release|Any CPU
		{5FB07052-4B12-4140-A088-DD9530854741}.Release|x86.ActiveCfg = Release|Any CPU
		{5FB07052-4B12-4140-A088-DD9530854741}.Release|x86.Build.0 = Release|Any CPU
		{83F2780E-867D-4920-ADBF-6CB43E8C4BB5}.Debug|Any CPU.ActiveCfg = Debug|Any CPU
		{83F2780E-867D-4920-ADBF-6CB43E8C4BB5}.Debug|Any CPU.Build.0 = Debug|Any CPU
		{83F2780E-867D-4920-ADBF-6CB43E8C4BB5}.Debug|ARM.ActiveCfg = Debug|Any CPU
		{83F2780E-867D-4920-ADBF-6CB43E8C4BB5}.Debug|ARM.Build.0 = Debug|Any CPU
		{83F2780E-867D-4920-ADBF-6CB43E8C4BB5}.Debug|ARM64.ActiveCfg = Debug|Any CPU
		{83F2780E-867D-4920-ADBF-6CB43E8C4BB5}.Debug|ARM64.Build.0 = Debug|Any CPU
		{83F2780E-867D-4920-ADBF-6CB43E8C4BB5}.Debug|x64.ActiveCfg = Debug|Any CPU
		{83F2780E-867D-4920-ADBF-6CB43E8C4BB5}.Debug|x64.Build.0 = Debug|Any CPU
		{83F2780E-867D-4920-ADBF-6CB43E8C4BB5}.Debug|x86.ActiveCfg = Debug|Any CPU
		{83F2780E-867D-4920-ADBF-6CB43E8C4BB5}.Debug|x86.Build.0 = Debug|Any CPU
		{83F2780E-867D-4920-ADBF-6CB43E8C4BB5}.Release|Any CPU.ActiveCfg = Release|Any CPU
		{83F2780E-867D-4920-ADBF-6CB43E8C4BB5}.Release|Any CPU.Build.0 = Release|Any CPU
		{83F2780E-867D-4920-ADBF-6CB43E8C4BB5}.Release|ARM.ActiveCfg = Release|Any CPU
		{83F2780E-867D-4920-ADBF-6CB43E8C4BB5}.Release|ARM.Build.0 = Release|Any CPU
		{83F2780E-867D-4920-ADBF-6CB43E8C4BB5}.Release|ARM64.ActiveCfg = Release|Any CPU
		{83F2780E-867D-4920-ADBF-6CB43E8C4BB5}.Release|ARM64.Build.0 = Release|Any CPU
		{83F2780E-867D-4920-ADBF-6CB43E8C4BB5}.Release|x64.ActiveCfg = Release|Any CPU
		{83F2780E-867D-4920-ADBF-6CB43E8C4BB5}.Release|x64.Build.0 = Release|Any CPU
		{83F2780E-867D-4920-ADBF-6CB43E8C4BB5}.Release|x86.ActiveCfg = Release|Any CPU
		{83F2780E-867D-4920-ADBF-6CB43E8C4BB5}.Release|x86.Build.0 = Release|Any CPU
		{019C2BCC-8CA6-4D40-933C-E6CA30D05E42}.Debug|Any CPU.ActiveCfg = Debug|Any CPU
		{019C2BCC-8CA6-4D40-933C-E6CA30D05E42}.Debug|Any CPU.Build.0 = Debug|Any CPU
		{019C2BCC-8CA6-4D40-933C-E6CA30D05E42}.Debug|ARM.ActiveCfg = Debug|Any CPU
		{019C2BCC-8CA6-4D40-933C-E6CA30D05E42}.Debug|ARM.Build.0 = Debug|Any CPU
		{019C2BCC-8CA6-4D40-933C-E6CA30D05E42}.Debug|ARM64.ActiveCfg = Debug|Any CPU
		{019C2BCC-8CA6-4D40-933C-E6CA30D05E42}.Debug|ARM64.Build.0 = Debug|Any CPU
		{019C2BCC-8CA6-4D40-933C-E6CA30D05E42}.Debug|x64.ActiveCfg = Debug|Any CPU
		{019C2BCC-8CA6-4D40-933C-E6CA30D05E42}.Debug|x64.Build.0 = Debug|Any CPU
		{019C2BCC-8CA6-4D40-933C-E6CA30D05E42}.Debug|x86.ActiveCfg = Debug|Any CPU
		{019C2BCC-8CA6-4D40-933C-E6CA30D05E42}.Debug|x86.Build.0 = Debug|Any CPU
		{019C2BCC-8CA6-4D40-933C-E6CA30D05E42}.Release|Any CPU.ActiveCfg = Release|Any CPU
		{019C2BCC-8CA6-4D40-933C-E6CA30D05E42}.Release|Any CPU.Build.0 = Release|Any CPU
		{019C2BCC-8CA6-4D40-933C-E6CA30D05E42}.Release|ARM.ActiveCfg = Release|Any CPU
		{019C2BCC-8CA6-4D40-933C-E6CA30D05E42}.Release|ARM.Build.0 = Release|Any CPU
		{019C2BCC-8CA6-4D40-933C-E6CA30D05E42}.Release|ARM64.ActiveCfg = Release|Any CPU
		{019C2BCC-8CA6-4D40-933C-E6CA30D05E42}.Release|ARM64.Build.0 = Release|Any CPU
		{019C2BCC-8CA6-4D40-933C-E6CA30D05E42}.Release|x64.ActiveCfg = Release|Any CPU
		{019C2BCC-8CA6-4D40-933C-E6CA30D05E42}.Release|x64.Build.0 = Release|Any CPU
		{019C2BCC-8CA6-4D40-933C-E6CA30D05E42}.Release|x86.ActiveCfg = Release|Any CPU
		{019C2BCC-8CA6-4D40-933C-E6CA30D05E42}.Release|x86.Build.0 = Release|Any CPU
		{8DC2BBF0-DFFB-43EB-9F17-A942B0BC412D}.Debug|Any CPU.ActiveCfg = Debug|Any CPU
		{8DC2BBF0-DFFB-43EB-9F17-A942B0BC412D}.Debug|Any CPU.Build.0 = Debug|Any CPU
		{8DC2BBF0-DFFB-43EB-9F17-A942B0BC412D}.Debug|ARM.ActiveCfg = Debug|Any CPU
		{8DC2BBF0-DFFB-43EB-9F17-A942B0BC412D}.Debug|ARM.Build.0 = Debug|Any CPU
		{8DC2BBF0-DFFB-43EB-9F17-A942B0BC412D}.Debug|ARM64.ActiveCfg = Debug|Any CPU
		{8DC2BBF0-DFFB-43EB-9F17-A942B0BC412D}.Debug|ARM64.Build.0 = Debug|Any CPU
		{8DC2BBF0-DFFB-43EB-9F17-A942B0BC412D}.Debug|x64.ActiveCfg = Debug|Any CPU
		{8DC2BBF0-DFFB-43EB-9F17-A942B0BC412D}.Debug|x64.Build.0 = Debug|Any CPU
		{8DC2BBF0-DFFB-43EB-9F17-A942B0BC412D}.Debug|x86.ActiveCfg = Debug|Any CPU
		{8DC2BBF0-DFFB-43EB-9F17-A942B0BC412D}.Debug|x86.Build.0 = Debug|Any CPU
		{8DC2BBF0-DFFB-43EB-9F17-A942B0BC412D}.Release|Any CPU.ActiveCfg = Release|Any CPU
		{8DC2BBF0-DFFB-43EB-9F17-A942B0BC412D}.Release|Any CPU.Build.0 = Release|Any CPU
		{8DC2BBF0-DFFB-43EB-9F17-A942B0BC412D}.Release|ARM.ActiveCfg = Release|Any CPU
		{8DC2BBF0-DFFB-43EB-9F17-A942B0BC412D}.Release|ARM.Build.0 = Release|Any CPU
		{8DC2BBF0-DFFB-43EB-9F17-A942B0BC412D}.Release|ARM64.ActiveCfg = Release|Any CPU
		{8DC2BBF0-DFFB-43EB-9F17-A942B0BC412D}.Release|ARM64.Build.0 = Release|Any CPU
		{8DC2BBF0-DFFB-43EB-9F17-A942B0BC412D}.Release|x64.ActiveCfg = Release|Any CPU
		{8DC2BBF0-DFFB-43EB-9F17-A942B0BC412D}.Release|x64.Build.0 = Release|Any CPU
		{8DC2BBF0-DFFB-43EB-9F17-A942B0BC412D}.Release|x86.ActiveCfg = Release|Any CPU
		{8DC2BBF0-DFFB-43EB-9F17-A942B0BC412D}.Release|x86.Build.0 = Release|Any CPU
		{2E7E095E-7E1B-4F5A-AA0B-EBF8624A4415}.Debug|Any CPU.ActiveCfg = Debug|Any CPU
		{2E7E095E-7E1B-4F5A-AA0B-EBF8624A4415}.Debug|Any CPU.Build.0 = Debug|Any CPU
		{2E7E095E-7E1B-4F5A-AA0B-EBF8624A4415}.Debug|ARM.ActiveCfg = Debug|Any CPU
		{2E7E095E-7E1B-4F5A-AA0B-EBF8624A4415}.Debug|ARM.Build.0 = Debug|Any CPU
		{2E7E095E-7E1B-4F5A-AA0B-EBF8624A4415}.Debug|ARM64.ActiveCfg = Debug|Any CPU
		{2E7E095E-7E1B-4F5A-AA0B-EBF8624A4415}.Debug|ARM64.Build.0 = Debug|Any CPU
		{2E7E095E-7E1B-4F5A-AA0B-EBF8624A4415}.Debug|x64.ActiveCfg = Debug|Any CPU
		{2E7E095E-7E1B-4F5A-AA0B-EBF8624A4415}.Debug|x64.Build.0 = Debug|Any CPU
		{2E7E095E-7E1B-4F5A-AA0B-EBF8624A4415}.Debug|x86.ActiveCfg = Debug|Any CPU
		{2E7E095E-7E1B-4F5A-AA0B-EBF8624A4415}.Debug|x86.Build.0 = Debug|Any CPU
		{2E7E095E-7E1B-4F5A-AA0B-EBF8624A4415}.Release|Any CPU.ActiveCfg = Release|Any CPU
		{2E7E095E-7E1B-4F5A-AA0B-EBF8624A4415}.Release|Any CPU.Build.0 = Release|Any CPU
		{2E7E095E-7E1B-4F5A-AA0B-EBF8624A4415}.Release|ARM.ActiveCfg = Release|Any CPU
		{2E7E095E-7E1B-4F5A-AA0B-EBF8624A4415}.Release|ARM.Build.0 = Release|Any CPU
		{2E7E095E-7E1B-4F5A-AA0B-EBF8624A4415}.Release|ARM64.ActiveCfg = Release|Any CPU
		{2E7E095E-7E1B-4F5A-AA0B-EBF8624A4415}.Release|ARM64.Build.0 = Release|Any CPU
		{2E7E095E-7E1B-4F5A-AA0B-EBF8624A4415}.Release|x64.ActiveCfg = Release|Any CPU
		{2E7E095E-7E1B-4F5A-AA0B-EBF8624A4415}.Release|x64.Build.0 = Release|Any CPU
		{2E7E095E-7E1B-4F5A-AA0B-EBF8624A4415}.Release|x86.ActiveCfg = Release|Any CPU
		{2E7E095E-7E1B-4F5A-AA0B-EBF8624A4415}.Release|x86.Build.0 = Release|Any CPU
		{F3C5206C-157C-4334-A391-676E8FBC5600}.Debug|Any CPU.ActiveCfg = Debug|Any CPU
		{F3C5206C-157C-4334-A391-676E8FBC5600}.Debug|Any CPU.Build.0 = Debug|Any CPU
		{F3C5206C-157C-4334-A391-676E8FBC5600}.Debug|ARM.ActiveCfg = Debug|Any CPU
		{F3C5206C-157C-4334-A391-676E8FBC5600}.Debug|ARM.Build.0 = Debug|Any CPU
		{F3C5206C-157C-4334-A391-676E8FBC5600}.Debug|ARM64.ActiveCfg = Debug|Any CPU
		{F3C5206C-157C-4334-A391-676E8FBC5600}.Debug|ARM64.Build.0 = Debug|Any CPU
		{F3C5206C-157C-4334-A391-676E8FBC5600}.Debug|x64.ActiveCfg = Debug|Any CPU
		{F3C5206C-157C-4334-A391-676E8FBC5600}.Debug|x64.Build.0 = Debug|Any CPU
		{F3C5206C-157C-4334-A391-676E8FBC5600}.Debug|x86.ActiveCfg = Debug|Any CPU
		{F3C5206C-157C-4334-A391-676E8FBC5600}.Debug|x86.Build.0 = Debug|Any CPU
		{F3C5206C-157C-4334-A391-676E8FBC5600}.Release|Any CPU.ActiveCfg = Release|Any CPU
		{F3C5206C-157C-4334-A391-676E8FBC5600}.Release|Any CPU.Build.0 = Release|Any CPU
		{F3C5206C-157C-4334-A391-676E8FBC5600}.Release|ARM.ActiveCfg = Release|Any CPU
		{F3C5206C-157C-4334-A391-676E8FBC5600}.Release|ARM.Build.0 = Release|Any CPU
		{F3C5206C-157C-4334-A391-676E8FBC5600}.Release|ARM64.ActiveCfg = Release|Any CPU
		{F3C5206C-157C-4334-A391-676E8FBC5600}.Release|ARM64.Build.0 = Release|Any CPU
		{F3C5206C-157C-4334-A391-676E8FBC5600}.Release|x64.ActiveCfg = Release|Any CPU
		{F3C5206C-157C-4334-A391-676E8FBC5600}.Release|x64.Build.0 = Release|Any CPU
		{F3C5206C-157C-4334-A391-676E8FBC5600}.Release|x86.ActiveCfg = Release|Any CPU
		{F3C5206C-157C-4334-A391-676E8FBC5600}.Release|x86.Build.0 = Release|Any CPU
		{CB7DFC40-C87B-4188-8A61-4476DE019DAD}.Debug|Any CPU.ActiveCfg = Debug|Any CPU
		{CB7DFC40-C87B-4188-8A61-4476DE019DAD}.Debug|Any CPU.Build.0 = Debug|Any CPU
		{CB7DFC40-C87B-4188-8A61-4476DE019DAD}.Debug|ARM.ActiveCfg = Debug|Any CPU
		{CB7DFC40-C87B-4188-8A61-4476DE019DAD}.Debug|ARM.Build.0 = Debug|Any CPU
		{CB7DFC40-C87B-4188-8A61-4476DE019DAD}.Debug|ARM64.ActiveCfg = Debug|Any CPU
		{CB7DFC40-C87B-4188-8A61-4476DE019DAD}.Debug|ARM64.Build.0 = Debug|Any CPU
		{CB7DFC40-C87B-4188-8A61-4476DE019DAD}.Debug|x64.ActiveCfg = Debug|Any CPU
		{CB7DFC40-C87B-4188-8A61-4476DE019DAD}.Debug|x64.Build.0 = Debug|Any CPU
		{CB7DFC40-C87B-4188-8A61-4476DE019DAD}.Debug|x86.ActiveCfg = Debug|Any CPU
		{CB7DFC40-C87B-4188-8A61-4476DE019DAD}.Debug|x86.Build.0 = Debug|Any CPU
		{CB7DFC40-C87B-4188-8A61-4476DE019DAD}.Release|Any CPU.ActiveCfg = Release|Any CPU
		{CB7DFC40-C87B-4188-8A61-4476DE019DAD}.Release|Any CPU.Build.0 = Release|Any CPU
		{CB7DFC40-C87B-4188-8A61-4476DE019DAD}.Release|ARM.ActiveCfg = Release|Any CPU
		{CB7DFC40-C87B-4188-8A61-4476DE019DAD}.Release|ARM.Build.0 = Release|Any CPU
		{CB7DFC40-C87B-4188-8A61-4476DE019DAD}.Release|ARM64.ActiveCfg = Release|Any CPU
		{CB7DFC40-C87B-4188-8A61-4476DE019DAD}.Release|ARM64.Build.0 = Release|Any CPU
		{CB7DFC40-C87B-4188-8A61-4476DE019DAD}.Release|x64.ActiveCfg = Release|Any CPU
		{CB7DFC40-C87B-4188-8A61-4476DE019DAD}.Release|x64.Build.0 = Release|Any CPU
		{CB7DFC40-C87B-4188-8A61-4476DE019DAD}.Release|x86.ActiveCfg = Release|Any CPU
		{CB7DFC40-C87B-4188-8A61-4476DE019DAD}.Release|x86.Build.0 = Release|Any CPU
		{9AF265E6-5EC8-4D33-9079-AF6A0338460A}.Debug|Any CPU.ActiveCfg = Debug|Any CPU
		{9AF265E6-5EC8-4D33-9079-AF6A0338460A}.Debug|Any CPU.Build.0 = Debug|Any CPU
		{9AF265E6-5EC8-4D33-9079-AF6A0338460A}.Debug|ARM.ActiveCfg = Debug|Any CPU
		{9AF265E6-5EC8-4D33-9079-AF6A0338460A}.Debug|ARM.Build.0 = Debug|Any CPU
		{9AF265E6-5EC8-4D33-9079-AF6A0338460A}.Debug|ARM64.ActiveCfg = Debug|Any CPU
		{9AF265E6-5EC8-4D33-9079-AF6A0338460A}.Debug|ARM64.Build.0 = Debug|Any CPU
		{9AF265E6-5EC8-4D33-9079-AF6A0338460A}.Debug|x64.ActiveCfg = Debug|Any CPU
		{9AF265E6-5EC8-4D33-9079-AF6A0338460A}.Debug|x64.Build.0 = Debug|Any CPU
		{9AF265E6-5EC8-4D33-9079-AF6A0338460A}.Debug|x86.ActiveCfg = Debug|Any CPU
		{9AF265E6-5EC8-4D33-9079-AF6A0338460A}.Debug|x86.Build.0 = Debug|Any CPU
		{9AF265E6-5EC8-4D33-9079-AF6A0338460A}.Release|Any CPU.ActiveCfg = Release|Any CPU
		{9AF265E6-5EC8-4D33-9079-AF6A0338460A}.Release|Any CPU.Build.0 = Release|Any CPU
		{9AF265E6-5EC8-4D33-9079-AF6A0338460A}.Release|ARM.ActiveCfg = Release|Any CPU
		{9AF265E6-5EC8-4D33-9079-AF6A0338460A}.Release|ARM.Build.0 = Release|Any CPU
		{9AF265E6-5EC8-4D33-9079-AF6A0338460A}.Release|ARM64.ActiveCfg = Release|Any CPU
		{9AF265E6-5EC8-4D33-9079-AF6A0338460A}.Release|ARM64.Build.0 = Release|Any CPU
		{9AF265E6-5EC8-4D33-9079-AF6A0338460A}.Release|x64.ActiveCfg = Release|Any CPU
		{9AF265E6-5EC8-4D33-9079-AF6A0338460A}.Release|x64.Build.0 = Release|Any CPU
		{9AF265E6-5EC8-4D33-9079-AF6A0338460A}.Release|x86.ActiveCfg = Release|Any CPU
		{9AF265E6-5EC8-4D33-9079-AF6A0338460A}.Release|x86.Build.0 = Release|Any CPU
		{7AE4F2E7-7A9D-4101-9B9F-ADFD87A35128}.Debug|Any CPU.ActiveCfg = Debug|Any CPU
		{7AE4F2E7-7A9D-4101-9B9F-ADFD87A35128}.Debug|Any CPU.Build.0 = Debug|Any CPU
		{7AE4F2E7-7A9D-4101-9B9F-ADFD87A35128}.Debug|ARM.ActiveCfg = Debug|Any CPU
		{7AE4F2E7-7A9D-4101-9B9F-ADFD87A35128}.Debug|ARM.Build.0 = Debug|Any CPU
		{7AE4F2E7-7A9D-4101-9B9F-ADFD87A35128}.Debug|ARM64.ActiveCfg = Debug|Any CPU
		{7AE4F2E7-7A9D-4101-9B9F-ADFD87A35128}.Debug|ARM64.Build.0 = Debug|Any CPU
		{7AE4F2E7-7A9D-4101-9B9F-ADFD87A35128}.Debug|x64.ActiveCfg = Debug|Any CPU
		{7AE4F2E7-7A9D-4101-9B9F-ADFD87A35128}.Debug|x64.Build.0 = Debug|Any CPU
		{7AE4F2E7-7A9D-4101-9B9F-ADFD87A35128}.Debug|x86.ActiveCfg = Debug|Any CPU
		{7AE4F2E7-7A9D-4101-9B9F-ADFD87A35128}.Debug|x86.Build.0 = Debug|Any CPU
		{7AE4F2E7-7A9D-4101-9B9F-ADFD87A35128}.Release|Any CPU.ActiveCfg = Release|Any CPU
		{7AE4F2E7-7A9D-4101-9B9F-ADFD87A35128}.Release|Any CPU.Build.0 = Release|Any CPU
		{7AE4F2E7-7A9D-4101-9B9F-ADFD87A35128}.Release|ARM.ActiveCfg = Release|Any CPU
		{7AE4F2E7-7A9D-4101-9B9F-ADFD87A35128}.Release|ARM.Build.0 = Release|Any CPU
		{7AE4F2E7-7A9D-4101-9B9F-ADFD87A35128}.Release|ARM64.ActiveCfg = Release|Any CPU
		{7AE4F2E7-7A9D-4101-9B9F-ADFD87A35128}.Release|ARM64.Build.0 = Release|Any CPU
		{7AE4F2E7-7A9D-4101-9B9F-ADFD87A35128}.Release|x64.ActiveCfg = Release|Any CPU
		{7AE4F2E7-7A9D-4101-9B9F-ADFD87A35128}.Release|x64.Build.0 = Release|Any CPU
		{7AE4F2E7-7A9D-4101-9B9F-ADFD87A35128}.Release|x86.ActiveCfg = Release|Any CPU
		{7AE4F2E7-7A9D-4101-9B9F-ADFD87A35128}.Release|x86.Build.0 = Release|Any CPU
		{04048986-311F-4ACA-BB0F-DFF982A8FFF9}.Debug|Any CPU.ActiveCfg = Debug|Any CPU
		{04048986-311F-4ACA-BB0F-DFF982A8FFF9}.Debug|Any CPU.Build.0 = Debug|Any CPU
		{04048986-311F-4ACA-BB0F-DFF982A8FFF9}.Debug|ARM.ActiveCfg = Debug|Any CPU
		{04048986-311F-4ACA-BB0F-DFF982A8FFF9}.Debug|ARM.Build.0 = Debug|Any CPU
		{04048986-311F-4ACA-BB0F-DFF982A8FFF9}.Debug|ARM64.ActiveCfg = Debug|Any CPU
		{04048986-311F-4ACA-BB0F-DFF982A8FFF9}.Debug|ARM64.Build.0 = Debug|Any CPU
		{04048986-311F-4ACA-BB0F-DFF982A8FFF9}.Debug|x64.ActiveCfg = Debug|Any CPU
		{04048986-311F-4ACA-BB0F-DFF982A8FFF9}.Debug|x64.Build.0 = Debug|Any CPU
		{04048986-311F-4ACA-BB0F-DFF982A8FFF9}.Debug|x86.ActiveCfg = Debug|Any CPU
		{04048986-311F-4ACA-BB0F-DFF982A8FFF9}.Debug|x86.Build.0 = Debug|Any CPU
		{04048986-311F-4ACA-BB0F-DFF982A8FFF9}.Release|Any CPU.ActiveCfg = Release|Any CPU
		{04048986-311F-4ACA-BB0F-DFF982A8FFF9}.Release|Any CPU.Build.0 = Release|Any CPU
		{04048986-311F-4ACA-BB0F-DFF982A8FFF9}.Release|ARM.ActiveCfg = Release|Any CPU
		{04048986-311F-4ACA-BB0F-DFF982A8FFF9}.Release|ARM.Build.0 = Release|Any CPU
		{04048986-311F-4ACA-BB0F-DFF982A8FFF9}.Release|ARM64.ActiveCfg = Release|Any CPU
		{04048986-311F-4ACA-BB0F-DFF982A8FFF9}.Release|ARM64.Build.0 = Release|Any CPU
		{04048986-311F-4ACA-BB0F-DFF982A8FFF9}.Release|x64.ActiveCfg = Release|Any CPU
		{04048986-311F-4ACA-BB0F-DFF982A8FFF9}.Release|x64.Build.0 = Release|Any CPU
		{04048986-311F-4ACA-BB0F-DFF982A8FFF9}.Release|x86.ActiveCfg = Release|Any CPU
		{04048986-311F-4ACA-BB0F-DFF982A8FFF9}.Release|x86.Build.0 = Release|Any CPU
		{CAD26F40-476D-4361-9CFA-F27E2E251A08}.Debug|Any CPU.ActiveCfg = Debug|Any CPU
		{CAD26F40-476D-4361-9CFA-F27E2E251A08}.Debug|Any CPU.Build.0 = Debug|Any CPU
		{CAD26F40-476D-4361-9CFA-F27E2E251A08}.Debug|ARM.ActiveCfg = Debug|Any CPU
		{CAD26F40-476D-4361-9CFA-F27E2E251A08}.Debug|ARM.Build.0 = Debug|Any CPU
		{CAD26F40-476D-4361-9CFA-F27E2E251A08}.Debug|ARM64.ActiveCfg = Debug|Any CPU
		{CAD26F40-476D-4361-9CFA-F27E2E251A08}.Debug|ARM64.Build.0 = Debug|Any CPU
		{CAD26F40-476D-4361-9CFA-F27E2E251A08}.Debug|x64.ActiveCfg = Debug|Any CPU
		{CAD26F40-476D-4361-9CFA-F27E2E251A08}.Debug|x64.Build.0 = Debug|Any CPU
		{CAD26F40-476D-4361-9CFA-F27E2E251A08}.Debug|x86.ActiveCfg = Debug|Any CPU
		{CAD26F40-476D-4361-9CFA-F27E2E251A08}.Debug|x86.Build.0 = Debug|Any CPU
		{CAD26F40-476D-4361-9CFA-F27E2E251A08}.Release|Any CPU.ActiveCfg = Release|Any CPU
		{CAD26F40-476D-4361-9CFA-F27E2E251A08}.Release|Any CPU.Build.0 = Release|Any CPU
		{CAD26F40-476D-4361-9CFA-F27E2E251A08}.Release|ARM.ActiveCfg = Release|Any CPU
		{CAD26F40-476D-4361-9CFA-F27E2E251A08}.Release|ARM.Build.0 = Release|Any CPU
		{CAD26F40-476D-4361-9CFA-F27E2E251A08}.Release|ARM64.ActiveCfg = Release|Any CPU
		{CAD26F40-476D-4361-9CFA-F27E2E251A08}.Release|ARM64.Build.0 = Release|Any CPU
		{CAD26F40-476D-4361-9CFA-F27E2E251A08}.Release|x64.ActiveCfg = Release|Any CPU
		{CAD26F40-476D-4361-9CFA-F27E2E251A08}.Release|x64.Build.0 = Release|Any CPU
		{CAD26F40-476D-4361-9CFA-F27E2E251A08}.Release|x86.ActiveCfg = Release|Any CPU
		{CAD26F40-476D-4361-9CFA-F27E2E251A08}.Release|x86.Build.0 = Release|Any CPU
		{6DDE3432-DC05-449B-AECF-D21BC2713D69}.Debug|Any CPU.ActiveCfg = Debug|Any CPU
		{6DDE3432-DC05-449B-AECF-D21BC2713D69}.Debug|Any CPU.Build.0 = Debug|Any CPU
		{6DDE3432-DC05-449B-AECF-D21BC2713D69}.Debug|ARM.ActiveCfg = Debug|Any CPU
		{6DDE3432-DC05-449B-AECF-D21BC2713D69}.Debug|ARM.Build.0 = Debug|Any CPU
		{6DDE3432-DC05-449B-AECF-D21BC2713D69}.Debug|ARM64.ActiveCfg = Debug|Any CPU
		{6DDE3432-DC05-449B-AECF-D21BC2713D69}.Debug|ARM64.Build.0 = Debug|Any CPU
		{6DDE3432-DC05-449B-AECF-D21BC2713D69}.Debug|x64.ActiveCfg = Debug|Any CPU
		{6DDE3432-DC05-449B-AECF-D21BC2713D69}.Debug|x64.Build.0 = Debug|Any CPU
		{6DDE3432-DC05-449B-AECF-D21BC2713D69}.Debug|x86.ActiveCfg = Debug|Any CPU
		{6DDE3432-DC05-449B-AECF-D21BC2713D69}.Debug|x86.Build.0 = Debug|Any CPU
		{6DDE3432-DC05-449B-AECF-D21BC2713D69}.Release|Any CPU.ActiveCfg = Release|Any CPU
		{6DDE3432-DC05-449B-AECF-D21BC2713D69}.Release|Any CPU.Build.0 = Release|Any CPU
		{6DDE3432-DC05-449B-AECF-D21BC2713D69}.Release|ARM.ActiveCfg = Release|Any CPU
		{6DDE3432-DC05-449B-AECF-D21BC2713D69}.Release|ARM.Build.0 = Release|Any CPU
		{6DDE3432-DC05-449B-AECF-D21BC2713D69}.Release|ARM64.ActiveCfg = Release|Any CPU
		{6DDE3432-DC05-449B-AECF-D21BC2713D69}.Release|ARM64.Build.0 = Release|Any CPU
		{6DDE3432-DC05-449B-AECF-D21BC2713D69}.Release|x64.ActiveCfg = Release|Any CPU
		{6DDE3432-DC05-449B-AECF-D21BC2713D69}.Release|x64.Build.0 = Release|Any CPU
		{6DDE3432-DC05-449B-AECF-D21BC2713D69}.Release|x86.ActiveCfg = Release|Any CPU
		{6DDE3432-DC05-449B-AECF-D21BC2713D69}.Release|x86.Build.0 = Release|Any CPU
		{9D66D623-1259-405C-B2C6-35046B0DD2F5}.Debug|Any CPU.ActiveCfg = Debug|Any CPU
		{9D66D623-1259-405C-B2C6-35046B0DD2F5}.Debug|Any CPU.Build.0 = Debug|Any CPU
		{9D66D623-1259-405C-B2C6-35046B0DD2F5}.Debug|ARM.ActiveCfg = Debug|Any CPU
		{9D66D623-1259-405C-B2C6-35046B0DD2F5}.Debug|ARM.Build.0 = Debug|Any CPU
		{9D66D623-1259-405C-B2C6-35046B0DD2F5}.Debug|ARM64.ActiveCfg = Debug|Any CPU
		{9D66D623-1259-405C-B2C6-35046B0DD2F5}.Debug|ARM64.Build.0 = Debug|Any CPU
		{9D66D623-1259-405C-B2C6-35046B0DD2F5}.Debug|x64.ActiveCfg = Debug|Any CPU
		{9D66D623-1259-405C-B2C6-35046B0DD2F5}.Debug|x64.Build.0 = Debug|Any CPU
		{9D66D623-1259-405C-B2C6-35046B0DD2F5}.Debug|x86.ActiveCfg = Debug|Any CPU
		{9D66D623-1259-405C-B2C6-35046B0DD2F5}.Debug|x86.Build.0 = Debug|Any CPU
		{9D66D623-1259-405C-B2C6-35046B0DD2F5}.Release|Any CPU.ActiveCfg = Release|Any CPU
		{9D66D623-1259-405C-B2C6-35046B0DD2F5}.Release|Any CPU.Build.0 = Release|Any CPU
		{9D66D623-1259-405C-B2C6-35046B0DD2F5}.Release|ARM.ActiveCfg = Release|Any CPU
		{9D66D623-1259-405C-B2C6-35046B0DD2F5}.Release|ARM.Build.0 = Release|Any CPU
		{9D66D623-1259-405C-B2C6-35046B0DD2F5}.Release|ARM64.ActiveCfg = Release|Any CPU
		{9D66D623-1259-405C-B2C6-35046B0DD2F5}.Release|ARM64.Build.0 = Release|Any CPU
		{9D66D623-1259-405C-B2C6-35046B0DD2F5}.Release|x64.ActiveCfg = Release|Any CPU
		{9D66D623-1259-405C-B2C6-35046B0DD2F5}.Release|x64.Build.0 = Release|Any CPU
		{9D66D623-1259-405C-B2C6-35046B0DD2F5}.Release|x86.ActiveCfg = Release|Any CPU
		{9D66D623-1259-405C-B2C6-35046B0DD2F5}.Release|x86.Build.0 = Release|Any CPU
		{A0F056CB-1B46-4EAF-9108-165B72A93E08}.Debug|Any CPU.ActiveCfg = Debug|Any CPU
		{A0F056CB-1B46-4EAF-9108-165B72A93E08}.Debug|Any CPU.Build.0 = Debug|Any CPU
		{A0F056CB-1B46-4EAF-9108-165B72A93E08}.Debug|ARM.ActiveCfg = Debug|Any CPU
		{A0F056CB-1B46-4EAF-9108-165B72A93E08}.Debug|ARM.Build.0 = Debug|Any CPU
		{A0F056CB-1B46-4EAF-9108-165B72A93E08}.Debug|ARM64.ActiveCfg = Debug|Any CPU
		{A0F056CB-1B46-4EAF-9108-165B72A93E08}.Debug|ARM64.Build.0 = Debug|Any CPU
		{A0F056CB-1B46-4EAF-9108-165B72A93E08}.Debug|x64.ActiveCfg = Debug|Any CPU
		{A0F056CB-1B46-4EAF-9108-165B72A93E08}.Debug|x64.Build.0 = Debug|Any CPU
		{A0F056CB-1B46-4EAF-9108-165B72A93E08}.Debug|x86.ActiveCfg = Debug|Any CPU
		{A0F056CB-1B46-4EAF-9108-165B72A93E08}.Debug|x86.Build.0 = Debug|Any CPU
		{A0F056CB-1B46-4EAF-9108-165B72A93E08}.Release|Any CPU.ActiveCfg = Release|Any CPU
		{A0F056CB-1B46-4EAF-9108-165B72A93E08}.Release|Any CPU.Build.0 = Release|Any CPU
		{A0F056CB-1B46-4EAF-9108-165B72A93E08}.Release|ARM.ActiveCfg = Release|Any CPU
		{A0F056CB-1B46-4EAF-9108-165B72A93E08}.Release|ARM.Build.0 = Release|Any CPU
		{A0F056CB-1B46-4EAF-9108-165B72A93E08}.Release|ARM64.ActiveCfg = Release|Any CPU
		{A0F056CB-1B46-4EAF-9108-165B72A93E08}.Release|ARM64.Build.0 = Release|Any CPU
		{A0F056CB-1B46-4EAF-9108-165B72A93E08}.Release|x64.ActiveCfg = Release|Any CPU
		{A0F056CB-1B46-4EAF-9108-165B72A93E08}.Release|x64.Build.0 = Release|Any CPU
		{A0F056CB-1B46-4EAF-9108-165B72A93E08}.Release|x86.ActiveCfg = Release|Any CPU
		{A0F056CB-1B46-4EAF-9108-165B72A93E08}.Release|x86.Build.0 = Release|Any CPU
		{56F4B7EF-CFAF-4DD5-B861-5697C9BC869C}.Debug|Any CPU.ActiveCfg = Debug|Any CPU
		{56F4B7EF-CFAF-4DD5-B861-5697C9BC869C}.Debug|Any CPU.Build.0 = Debug|Any CPU
		{56F4B7EF-CFAF-4DD5-B861-5697C9BC869C}.Debug|ARM.ActiveCfg = Debug|Any CPU
		{56F4B7EF-CFAF-4DD5-B861-5697C9BC869C}.Debug|ARM.Build.0 = Debug|Any CPU
		{56F4B7EF-CFAF-4DD5-B861-5697C9BC869C}.Debug|ARM64.ActiveCfg = Debug|Any CPU
		{56F4B7EF-CFAF-4DD5-B861-5697C9BC869C}.Debug|ARM64.Build.0 = Debug|Any CPU
		{56F4B7EF-CFAF-4DD5-B861-5697C9BC869C}.Debug|x64.ActiveCfg = Debug|Any CPU
		{56F4B7EF-CFAF-4DD5-B861-5697C9BC869C}.Debug|x64.Build.0 = Debug|Any CPU
		{56F4B7EF-CFAF-4DD5-B861-5697C9BC869C}.Debug|x86.ActiveCfg = Debug|Any CPU
		{56F4B7EF-CFAF-4DD5-B861-5697C9BC869C}.Debug|x86.Build.0 = Debug|Any CPU
		{56F4B7EF-CFAF-4DD5-B861-5697C9BC869C}.Release|Any CPU.ActiveCfg = Release|Any CPU
		{56F4B7EF-CFAF-4DD5-B861-5697C9BC869C}.Release|Any CPU.Build.0 = Release|Any CPU
		{56F4B7EF-CFAF-4DD5-B861-5697C9BC869C}.Release|ARM.ActiveCfg = Release|Any CPU
		{56F4B7EF-CFAF-4DD5-B861-5697C9BC869C}.Release|ARM.Build.0 = Release|Any CPU
		{56F4B7EF-CFAF-4DD5-B861-5697C9BC869C}.Release|ARM64.ActiveCfg = Release|Any CPU
		{56F4B7EF-CFAF-4DD5-B861-5697C9BC869C}.Release|ARM64.Build.0 = Release|Any CPU
		{56F4B7EF-CFAF-4DD5-B861-5697C9BC869C}.Release|x64.ActiveCfg = Release|Any CPU
		{56F4B7EF-CFAF-4DD5-B861-5697C9BC869C}.Release|x64.Build.0 = Release|Any CPU
		{56F4B7EF-CFAF-4DD5-B861-5697C9BC869C}.Release|x86.ActiveCfg = Release|Any CPU
		{56F4B7EF-CFAF-4DD5-B861-5697C9BC869C}.Release|x86.Build.0 = Release|Any CPU
		{7E2BB254-7C29-4154-B7F3-D9062B783A38}.Debug|Any CPU.ActiveCfg = Debug|Any CPU
		{7E2BB254-7C29-4154-B7F3-D9062B783A38}.Debug|Any CPU.Build.0 = Debug|Any CPU
		{7E2BB254-7C29-4154-B7F3-D9062B783A38}.Debug|ARM.ActiveCfg = Debug|Any CPU
		{7E2BB254-7C29-4154-B7F3-D9062B783A38}.Debug|ARM.Build.0 = Debug|Any CPU
		{7E2BB254-7C29-4154-B7F3-D9062B783A38}.Debug|ARM64.ActiveCfg = Debug|Any CPU
		{7E2BB254-7C29-4154-B7F3-D9062B783A38}.Debug|ARM64.Build.0 = Debug|Any CPU
		{7E2BB254-7C29-4154-B7F3-D9062B783A38}.Debug|x64.ActiveCfg = Debug|Any CPU
		{7E2BB254-7C29-4154-B7F3-D9062B783A38}.Debug|x64.Build.0 = Debug|Any CPU
		{7E2BB254-7C29-4154-B7F3-D9062B783A38}.Debug|x86.ActiveCfg = Debug|Any CPU
		{7E2BB254-7C29-4154-B7F3-D9062B783A38}.Debug|x86.Build.0 = Debug|Any CPU
		{7E2BB254-7C29-4154-B7F3-D9062B783A38}.Release|Any CPU.ActiveCfg = Release|Any CPU
		{7E2BB254-7C29-4154-B7F3-D9062B783A38}.Release|Any CPU.Build.0 = Release|Any CPU
		{7E2BB254-7C29-4154-B7F3-D9062B783A38}.Release|ARM.ActiveCfg = Release|Any CPU
		{7E2BB254-7C29-4154-B7F3-D9062B783A38}.Release|ARM.Build.0 = Release|Any CPU
		{7E2BB254-7C29-4154-B7F3-D9062B783A38}.Release|ARM64.ActiveCfg = Release|Any CPU
		{7E2BB254-7C29-4154-B7F3-D9062B783A38}.Release|ARM64.Build.0 = Release|Any CPU
		{7E2BB254-7C29-4154-B7F3-D9062B783A38}.Release|x64.ActiveCfg = Release|Any CPU
		{7E2BB254-7C29-4154-B7F3-D9062B783A38}.Release|x64.Build.0 = Release|Any CPU
		{7E2BB254-7C29-4154-B7F3-D9062B783A38}.Release|x86.ActiveCfg = Release|Any CPU
		{7E2BB254-7C29-4154-B7F3-D9062B783A38}.Release|x86.Build.0 = Release|Any CPU
		{661B3482-BE98-4148-9748-EF87B3AF1194}.Debug|Any CPU.ActiveCfg = Debug|Any CPU
		{661B3482-BE98-4148-9748-EF87B3AF1194}.Debug|Any CPU.Build.0 = Debug|Any CPU
		{661B3482-BE98-4148-9748-EF87B3AF1194}.Debug|ARM.ActiveCfg = Debug|Any CPU
		{661B3482-BE98-4148-9748-EF87B3AF1194}.Debug|ARM.Build.0 = Debug|Any CPU
		{661B3482-BE98-4148-9748-EF87B3AF1194}.Debug|ARM64.ActiveCfg = Debug|Any CPU
		{661B3482-BE98-4148-9748-EF87B3AF1194}.Debug|ARM64.Build.0 = Debug|Any CPU
		{661B3482-BE98-4148-9748-EF87B3AF1194}.Debug|x64.ActiveCfg = Debug|Any CPU
		{661B3482-BE98-4148-9748-EF87B3AF1194}.Debug|x64.Build.0 = Debug|Any CPU
		{661B3482-BE98-4148-9748-EF87B3AF1194}.Debug|x86.ActiveCfg = Debug|Any CPU
		{661B3482-BE98-4148-9748-EF87B3AF1194}.Debug|x86.Build.0 = Debug|Any CPU
		{661B3482-BE98-4148-9748-EF87B3AF1194}.Release|Any CPU.ActiveCfg = Release|Any CPU
		{661B3482-BE98-4148-9748-EF87B3AF1194}.Release|Any CPU.Build.0 = Release|Any CPU
		{661B3482-BE98-4148-9748-EF87B3AF1194}.Release|ARM.ActiveCfg = Release|Any CPU
		{661B3482-BE98-4148-9748-EF87B3AF1194}.Release|ARM.Build.0 = Release|Any CPU
		{661B3482-BE98-4148-9748-EF87B3AF1194}.Release|ARM64.ActiveCfg = Release|Any CPU
		{661B3482-BE98-4148-9748-EF87B3AF1194}.Release|ARM64.Build.0 = Release|Any CPU
		{661B3482-BE98-4148-9748-EF87B3AF1194}.Release|x64.ActiveCfg = Release|Any CPU
		{661B3482-BE98-4148-9748-EF87B3AF1194}.Release|x64.Build.0 = Release|Any CPU
		{661B3482-BE98-4148-9748-EF87B3AF1194}.Release|x86.ActiveCfg = Release|Any CPU
		{661B3482-BE98-4148-9748-EF87B3AF1194}.Release|x86.Build.0 = Release|Any CPU
		{2D29B874-CD14-4661-88E0-494C72044DBD}.Debug|Any CPU.ActiveCfg = Debug|Any CPU
		{2D29B874-CD14-4661-88E0-494C72044DBD}.Debug|Any CPU.Build.0 = Debug|Any CPU
		{2D29B874-CD14-4661-88E0-494C72044DBD}.Debug|ARM.ActiveCfg = Debug|Any CPU
		{2D29B874-CD14-4661-88E0-494C72044DBD}.Debug|ARM.Build.0 = Debug|Any CPU
		{2D29B874-CD14-4661-88E0-494C72044DBD}.Debug|ARM64.ActiveCfg = Debug|Any CPU
		{2D29B874-CD14-4661-88E0-494C72044DBD}.Debug|ARM64.Build.0 = Debug|Any CPU
		{2D29B874-CD14-4661-88E0-494C72044DBD}.Debug|x64.ActiveCfg = Debug|Any CPU
		{2D29B874-CD14-4661-88E0-494C72044DBD}.Debug|x64.Build.0 = Debug|Any CPU
		{2D29B874-CD14-4661-88E0-494C72044DBD}.Debug|x86.ActiveCfg = Debug|Any CPU
		{2D29B874-CD14-4661-88E0-494C72044DBD}.Debug|x86.Build.0 = Debug|Any CPU
		{2D29B874-CD14-4661-88E0-494C72044DBD}.Release|Any CPU.ActiveCfg = Release|Any CPU
		{2D29B874-CD14-4661-88E0-494C72044DBD}.Release|Any CPU.Build.0 = Release|Any CPU
		{2D29B874-CD14-4661-88E0-494C72044DBD}.Release|ARM.ActiveCfg = Release|Any CPU
		{2D29B874-CD14-4661-88E0-494C72044DBD}.Release|ARM.Build.0 = Release|Any CPU
		{2D29B874-CD14-4661-88E0-494C72044DBD}.Release|ARM64.ActiveCfg = Release|Any CPU
		{2D29B874-CD14-4661-88E0-494C72044DBD}.Release|ARM64.Build.0 = Release|Any CPU
		{2D29B874-CD14-4661-88E0-494C72044DBD}.Release|x64.ActiveCfg = Release|Any CPU
		{2D29B874-CD14-4661-88E0-494C72044DBD}.Release|x64.Build.0 = Release|Any CPU
		{2D29B874-CD14-4661-88E0-494C72044DBD}.Release|x86.ActiveCfg = Release|Any CPU
		{2D29B874-CD14-4661-88E0-494C72044DBD}.Release|x86.Build.0 = Release|Any CPU
	EndGlobalSection
	GlobalSection(SolutionProperties) = preSolution
		HideSolutionNode = FALSE
	EndGlobalSection
	GlobalSection(NestedProjects) = preSolution
		{AD4E424A-30E3-4FEF-98EE-1FCBBE719CC4} = {2CB26795-EF03-4671-A9CC-F99089AD35D9}
		{3DF99B6B-B35F-4F53-AC0B-547F5D129295} = {2CB26795-EF03-4671-A9CC-F99089AD35D9}
		{F0C1C21F-319C-4B98-85B2-43C69E874459} = {2CB26795-EF03-4671-A9CC-F99089AD35D9}
		{5FB07052-4B12-4140-A088-DD9530854741} = {9FA7F34E-825D-4D87-96AF-300EDF85FE4B}
		{83F2780E-867D-4920-ADBF-6CB43E8C4BB5} = {9FA7F34E-825D-4D87-96AF-300EDF85FE4B}
		{019C2BCC-8CA6-4D40-933C-E6CA30D05E42} = {9FA7F34E-825D-4D87-96AF-300EDF85FE4B}
		{8DC2BBF0-DFFB-43EB-9F17-A942B0BC412D} = {E3425207-272E-4D14-8B7E-D17092F0E349}
		{2E7E095E-7E1B-4F5A-AA0B-EBF8624A4415} = {E3425207-272E-4D14-8B7E-D17092F0E349}
		{F3C5206C-157C-4334-A391-676E8FBC5600} = {E3425207-272E-4D14-8B7E-D17092F0E349}
		{CB7DFC40-C87B-4188-8A61-4476DE019DAD} = {3F5DB73A-9B8F-487B-9EC1-9E23216D7571}
		{9AF265E6-5EC8-4D33-9079-AF6A0338460A} = {3F5DB73A-9B8F-487B-9EC1-9E23216D7571}
		{7AE4F2E7-7A9D-4101-9B9F-ADFD87A35128} = {3F5DB73A-9B8F-487B-9EC1-9E23216D7571}
		{04048986-311F-4ACA-BB0F-DFF982A8FFF9} = {3C12CCA3-CE6C-486D-973E-841B621AB705}
		{CAD26F40-476D-4361-9CFA-F27E2E251A08} = {3C12CCA3-CE6C-486D-973E-841B621AB705}
		{6DDE3432-DC05-449B-AECF-D21BC2713D69} = {3C12CCA3-CE6C-486D-973E-841B621AB705}
		{9D66D623-1259-405C-B2C6-35046B0DD2F5} = {5193C25F-C1C3-4026-8F97-36639244E100}
		{A0F056CB-1B46-4EAF-9108-165B72A93E08} = {5193C25F-C1C3-4026-8F97-36639244E100}
		{56F4B7EF-CFAF-4DD5-B861-5697C9BC869C} = {5193C25F-C1C3-4026-8F97-36639244E100}
		{7E2BB254-7C29-4154-B7F3-D9062B783A38} = {05C858B4-2FC8-4D8E-88CE-5DBA1F4046FE}
		{661B3482-BE98-4148-9748-EF87B3AF1194} = {05C858B4-2FC8-4D8E-88CE-5DBA1F4046FE}
		{2D29B874-CD14-4661-88E0-494C72044DBD} = {05C858B4-2FC8-4D8E-88CE-5DBA1F4046FE}
	EndGlobalSection
	GlobalSection(ExtensibilityGlobals) = postSolution
		SolutionGuid = {491B8FDE-8AA5-4EA4-B166-091A4F64D702}
	EndGlobalSection
EndGlobal
